// !$*UTF8*$!
{
	archiveVersion = 1;
	classes = {
	};
	objectVersion = 50;
	objects = {

/* Begin PBXBuildFile section */
		8AF78AFF25DFB53800911BA2 /* AppDelegate.swift in Sources */ = {isa = PBXBuildFile; fileRef = 8AF78AFE25DFB53800911BA2 /* AppDelegate.swift */; };
		8AF78B0125DFB53800911BA2 /* SceneDelegate.swift in Sources */ = {isa = PBXBuildFile; fileRef = 8AF78B0025DFB53800911BA2 /* SceneDelegate.swift */; };
		8AF78B0325DFB53800911BA2 /* ViewController.swift in Sources */ = {isa = PBXBuildFile; fileRef = 8AF78B0225DFB53800911BA2 /* ViewController.swift */; };
		8AF78B0625DFB53800911BA2 /* Main.storyboard in Resources */ = {isa = PBXBuildFile; fileRef = 8AF78B0425DFB53800911BA2 /* Main.storyboard */; };
		8AF78B0825DFB53900911BA2 /* Assets.xcassets in Resources */ = {isa = PBXBuildFile; fileRef = 8AF78B0725DFB53900911BA2 /* Assets.xcassets */; };
		8AF78B0B25DFB53900911BA2 /* LaunchScreen.storyboard in Resources */ = {isa = PBXBuildFile; fileRef = 8AF78B0925DFB53900911BA2 /* LaunchScreen.storyboard */; };
		8AF78B1625DFB53900911BA2 /* WeatherTests.swift in Sources */ = {isa = PBXBuildFile; fileRef = 8AF78B1525DFB53900911BA2 /* WeatherTests.swift */; };
		8AF78B2125DFB53A00911BA2 /* WeatherUITests.swift in Sources */ = {isa = PBXBuildFile; fileRef = 8AF78B2025DFB53A00911BA2 /* WeatherUITests.swift */; };
		8AF78B3425DFC61600911BA2 /* SummaryTableViewCell.swift in Sources */ = {isa = PBXBuildFile; fileRef = 8AF78B3225DFC61600911BA2 /* SummaryTableViewCell.swift */; };
		8AF78B3525DFC61600911BA2 /* SummaryTableViewCell.xib in Resources */ = {isa = PBXBuildFile; fileRef = 8AF78B3325DFC61600911BA2 /* SummaryTableViewCell.xib */; };
		8AF78C1B25E03D4700911BA2 /* Common.swift in Sources */ = {isa = PBXBuildFile; fileRef = 8AF78C1A25E03D4700911BA2 /* Common.swift */; };
		8AF78C3625E0532F00911BA2 /* ForecastTableViewCell.swift in Sources */ = {isa = PBXBuildFile; fileRef = 8AF78C3525E0532F00911BA2 /* ForecastTableViewCell.swift */; };
		8AF78C4525E0722100911BA2 /* APIError.swift in Sources */ = {isa = PBXBuildFile; fileRef = 8AF78C4425E0722100911BA2 /* APIError.swift */; };
		8AF78C4D25E0725900911BA2 /* CurrentWeather.swift in Sources */ = {isa = PBXBuildFile; fileRef = 8AF78C4C25E0725900911BA2 /* CurrentWeather.swift */; };
		8AF78C5225E0729100911BA2 /* Forecast.swift in Sources */ = {isa = PBXBuildFile; fileRef = 8AF78C5125E0729100911BA2 /* Forecast.swift */; };
		8AF78C5825E0732C00911BA2 /* WeatherDataSource.swift in Sources */ = {isa = PBXBuildFile; fileRef = 8AF78C5725E0732C00911BA2 /* WeatherDataSource.swift */; };
		8AF78C6125E07D9500911BA2 /* Double+Formatter.swift in Sources */ = {isa = PBXBuildFile; fileRef = 8AF78C6025E07D9500911BA2 /* Double+Formatter.swift */; };
/* End PBXBuildFile section */

/* Begin PBXContainerItemProxy section */
		8AF78B1225DFB53900911BA2 /* PBXContainerItemProxy */ = {
			isa = PBXContainerItemProxy;
			containerPortal = 8AF78AF325DFB53800911BA2 /* Project object */;
			proxyType = 1;
			remoteGlobalIDString = 8AF78AFA25DFB53800911BA2;
			remoteInfo = Weather;
		};
		8AF78B1D25DFB53900911BA2 /* PBXContainerItemProxy */ = {
			isa = PBXContainerItemProxy;
			containerPortal = 8AF78AF325DFB53800911BA2 /* Project object */;
			proxyType = 1;
			remoteGlobalIDString = 8AF78AFA25DFB53800911BA2;
			remoteInfo = Weather;
		};
/* End PBXContainerItemProxy section */

/* Begin PBXFileReference section */
		8AF78AFB25DFB53800911BA2 /* Weather.app */ = {isa = PBXFileReference; explicitFileType = wrapper.application; includeInIndex = 0; path = Weather.app; sourceTree = BUILT_PRODUCTS_DIR; };
		8AF78AFE25DFB53800911BA2 /* AppDelegate.swift */ = {isa = PBXFileReference; lastKnownFileType = sourcecode.swift; path = AppDelegate.swift; sourceTree = "<group>"; };
		8AF78B0025DFB53800911BA2 /* SceneDelegate.swift */ = {isa = PBXFileReference; lastKnownFileType = sourcecode.swift; path = SceneDelegate.swift; sourceTree = "<group>"; };
		8AF78B0225DFB53800911BA2 /* ViewController.swift */ = {isa = PBXFileReference; lastKnownFileType = sourcecode.swift; path = ViewController.swift; sourceTree = "<group>"; };
		8AF78B0525DFB53800911BA2 /* Base */ = {isa = PBXFileReference; lastKnownFileType = file.storyboard; name = Base; path = Base.lproj/Main.storyboard; sourceTree = "<group>"; };
		8AF78B0725DFB53900911BA2 /* Assets.xcassets */ = {isa = PBXFileReference; lastKnownFileType = folder.assetcatalog; path = Assets.xcassets; sourceTree = "<group>"; };
		8AF78B0A25DFB53900911BA2 /* Base */ = {isa = PBXFileReference; lastKnownFileType = file.storyboard; name = Base; path = Base.lproj/LaunchScreen.storyboard; sourceTree = "<group>"; };
		8AF78B0C25DFB53900911BA2 /* Info.plist */ = {isa = PBXFileReference; lastKnownFileType = text.plist.xml; path = Info.plist; sourceTree = "<group>"; };
		8AF78B1125DFB53900911BA2 /* WeatherTests.xctest */ = {isa = PBXFileReference; explicitFileType = wrapper.cfbundle; includeInIndex = 0; path = WeatherTests.xctest; sourceTree = BUILT_PRODUCTS_DIR; };
		8AF78B1525DFB53900911BA2 /* WeatherTests.swift */ = {isa = PBXFileReference; lastKnownFileType = sourcecode.swift; path = WeatherTests.swift; sourceTree = "<group>"; };
		8AF78B1725DFB53900911BA2 /* Info.plist */ = {isa = PBXFileReference; lastKnownFileType = text.plist.xml; path = Info.plist; sourceTree = "<group>"; };
		8AF78B1C25DFB53900911BA2 /* WeatherUITests.xctest */ = {isa = PBXFileReference; explicitFileType = wrapper.cfbundle; includeInIndex = 0; path = WeatherUITests.xctest; sourceTree = BUILT_PRODUCTS_DIR; };
		8AF78B2025DFB53A00911BA2 /* WeatherUITests.swift */ = {isa = PBXFileReference; lastKnownFileType = sourcecode.swift; path = WeatherUITests.swift; sourceTree = "<group>"; };
		8AF78B2225DFB53A00911BA2 /* Info.plist */ = {isa = PBXFileReference; lastKnownFileType = text.plist.xml; path = Info.plist; sourceTree = "<group>"; };
		8AF78B3225DFC61600911BA2 /* SummaryTableViewCell.swift */ = {isa = PBXFileReference; lastKnownFileType = sourcecode.swift; path = SummaryTableViewCell.swift; sourceTree = "<group>"; };
		8AF78B3325DFC61600911BA2 /* SummaryTableViewCell.xib */ = {isa = PBXFileReference; lastKnownFileType = file.xib; path = SummaryTableViewCell.xib; sourceTree = "<group>"; };
		8AF78C1A25E03D4700911BA2 /* Common.swift */ = {isa = PBXFileReference; lastKnownFileType = sourcecode.swift; path = Common.swift; sourceTree = "<group>"; };
		8AF78C3525E0532F00911BA2 /* ForecastTableViewCell.swift */ = {isa = PBXFileReference; lastKnownFileType = sourcecode.swift; path = ForecastTableViewCell.swift; sourceTree = "<group>"; };
		8AF78C3B25E0570700911BA2 /* CurrentWeatherAPI.playground */ = {isa = PBXFileReference; lastKnownFileType = file.playground; path = CurrentWeatherAPI.playground; sourceTree = "<group>"; xcLanguageSpecificationIdentifier = xcode.lang.swift; };
		8AF78C3F25E06EE800911BA2 /* ForecastAPI.playground */ = {isa = PBXFileReference; lastKnownFileType = file.playground; path = ForecastAPI.playground; sourceTree = "<group>"; xcLanguageSpecificationIdentifier = xcode.lang.swift; };
		8AF78C4425E0722100911BA2 /* APIError.swift */ = {isa = PBXFileReference; lastKnownFileType = sourcecode.swift; path = APIError.swift; sourceTree = "<group>"; };
		8AF78C4C25E0725900911BA2 /* CurrentWeather.swift */ = {isa = PBXFileReference; lastKnownFileType = sourcecode.swift; path = CurrentWeather.swift; sourceTree = "<group>"; };
		8AF78C5125E0729100911BA2 /* Forecast.swift */ = {isa = PBXFileReference; lastKnownFileType = sourcecode.swift; path = Forecast.swift; sourceTree = "<group>"; };
		8AF78C5725E0732C00911BA2 /* WeatherDataSource.swift */ = {isa = PBXFileReference; lastKnownFileType = sourcecode.swift; path = WeatherDataSource.swift; sourceTree = "<group>"; };
		8AF78C6025E07D9500911BA2 /* Double+Formatter.swift */ = {isa = PBXFileReference; lastKnownFileType = sourcecode.swift; path = "Double+Formatter.swift"; sourceTree = "<group>"; };
/* End PBXFileReference section */

/* Begin PBXFrameworksBuildPhase section */
		8AF78AF825DFB53800911BA2 /* Frameworks */ = {
			isa = PBXFrameworksBuildPhase;
			buildActionMask = 2147483647;
			files = (
			);
			runOnlyForDeploymentPostprocessing = 0;
		};
		8AF78B0E25DFB53900911BA2 /* Frameworks */ = {
			isa = PBXFrameworksBuildPhase;
			buildActionMask = 2147483647;
			files = (
			);
			runOnlyForDeploymentPostprocessing = 0;
		};
		8AF78B1925DFB53900911BA2 /* Frameworks */ = {
			isa = PBXFrameworksBuildPhase;
			buildActionMask = 2147483647;
			files = (
			);
			runOnlyForDeploymentPostprocessing = 0;
		};
/* End PBXFrameworksBuildPhase section */

/* Begin PBXGroup section */
		8AF78AF225DFB53800911BA2 = {
			isa = PBXGroup;
			children = (
				8AF78AFD25DFB53800911BA2 /* Weather */,
				8AF78B1425DFB53900911BA2 /* WeatherTests */,
				8AF78B1F25DFB53A00911BA2 /* WeatherUITests */,
				8AF78AFC25DFB53800911BA2 /* Products */,
			);
			sourceTree = "<group>";
		};
		8AF78AFC25DFB53800911BA2 /* Products */ = {
			isa = PBXGroup;
			children = (
				8AF78AFB25DFB53800911BA2 /* Weather.app */,
				8AF78B1125DFB53900911BA2 /* WeatherTests.xctest */,
				8AF78B1C25DFB53900911BA2 /* WeatherUITests.xctest */,
			);
			name = Products;
			sourceTree = "<group>";
		};
		8AF78AFD25DFB53800911BA2 /* Weather */ = {
			isa = PBXGroup;
			children = (
				8AF78C5F25E07D3F00911BA2 /* Formatter */,
				8AF78C5625E0730600911BA2 /* Data */,
				8AF78C4325E071D300911BA2 /* Model */,
				8AF78C3A25E056AA00911BA2 /* API */,
				8AF78B3125DFC5C400911BA2 /* Cell */,
				8AF78AFE25DFB53800911BA2 /* AppDelegate.swift */,
				8AF78B0025DFB53800911BA2 /* SceneDelegate.swift */,
				8AF78B0225DFB53800911BA2 /* ViewController.swift */,
				8AF78B0425DFB53800911BA2 /* Main.storyboard */,
				8AF78B0725DFB53900911BA2 /* Assets.xcassets */,
				8AF78B0925DFB53900911BA2 /* LaunchScreen.storyboard */,
				8AF78B0C25DFB53900911BA2 /* Info.plist */,
				8AF78C1A25E03D4700911BA2 /* Common.swift */,
			);
			path = Weather;
			sourceTree = "<group>";
		};
		8AF78B1425DFB53900911BA2 /* WeatherTests */ = {
			isa = PBXGroup;
			children = (
				8AF78B1525DFB53900911BA2 /* WeatherTests.swift */,
				8AF78B1725DFB53900911BA2 /* Info.plist */,
			);
			path = WeatherTests;
			sourceTree = "<group>";
		};
		8AF78B1F25DFB53A00911BA2 /* WeatherUITests */ = {
			isa = PBXGroup;
			children = (
				8AF78B2025DFB53A00911BA2 /* WeatherUITests.swift */,
				8AF78B2225DFB53A00911BA2 /* Info.plist */,
			);
			path = WeatherUITests;
			sourceTree = "<group>";
		};
		8AF78B3125DFC5C400911BA2 /* Cell */ = {
			isa = PBXGroup;
			children = (
				8AF78B3225DFC61600911BA2 /* SummaryTableViewCell.swift */,
				8AF78B3325DFC61600911BA2 /* SummaryTableViewCell.xib */,
				8AF78C3525E0532F00911BA2 /* ForecastTableViewCell.swift */,
			);
			path = Cell;
			sourceTree = "<group>";
		};
		8AF78C3A25E056AA00911BA2 /* API */ = {
			isa = PBXGroup;
			children = (
				8AF78C3B25E0570700911BA2 /* CurrentWeatherAPI.playground */,
				8AF78C3F25E06EE800911BA2 /* ForecastAPI.playground */,
			);
			path = API;
			sourceTree = "<group>";
		};
		8AF78C4325E071D300911BA2 /* Model */ = {
			isa = PBXGroup;
			children = (
				8AF78C4425E0722100911BA2 /* APIError.swift */,
				8AF78C4C25E0725900911BA2 /* CurrentWeather.swift */,
				8AF78C5125E0729100911BA2 /* Forecast.swift */,
			);
			path = Model;
			sourceTree = "<group>";
		};
		8AF78C5625E0730600911BA2 /* Data */ = {
			isa = PBXGroup;
			children = (
				8AF78C5725E0732C00911BA2 /* WeatherDataSource.swift */,
			);
			path = Data;
			sourceTree = "<group>";
		};
		8AF78C5F25E07D3F00911BA2 /* Formatter */ = {
			isa = PBXGroup;
			children = (
				8AF78C6025E07D9500911BA2 /* Double+Formatter.swift */,
			);
			path = Formatter;
			sourceTree = "<group>";
		};
/* End PBXGroup section */

/* Begin PBXNativeTarget section */
		8AF78AFA25DFB53800911BA2 /* Weather */ = {
			isa = PBXNativeTarget;
			buildConfigurationList = 8AF78B2525DFB53A00911BA2 /* Build configuration list for PBXNativeTarget "Weather" */;
			buildPhases = (
				8AF78AF725DFB53800911BA2 /* Sources */,
				8AF78AF825DFB53800911BA2 /* Frameworks */,
				8AF78AF925DFB53800911BA2 /* Resources */,
			);
			buildRules = (
			);
			dependencies = (
			);
			name = Weather;
			productName = Weather;
			productReference = 8AF78AFB25DFB53800911BA2 /* Weather.app */;
			productType = "com.apple.product-type.application";
		};
		8AF78B1025DFB53900911BA2 /* WeatherTests */ = {
			isa = PBXNativeTarget;
			buildConfigurationList = 8AF78B2825DFB53A00911BA2 /* Build configuration list for PBXNativeTarget "WeatherTests" */;
			buildPhases = (
				8AF78B0D25DFB53900911BA2 /* Sources */,
				8AF78B0E25DFB53900911BA2 /* Frameworks */,
				8AF78B0F25DFB53900911BA2 /* Resources */,
			);
			buildRules = (
			);
			dependencies = (
				8AF78B1325DFB53900911BA2 /* PBXTargetDependency */,
			);
			name = WeatherTests;
			productName = WeatherTests;
			productReference = 8AF78B1125DFB53900911BA2 /* WeatherTests.xctest */;
			productType = "com.apple.product-type.bundle.unit-test";
		};
		8AF78B1B25DFB53900911BA2 /* WeatherUITests */ = {
			isa = PBXNativeTarget;
			buildConfigurationList = 8AF78B2B25DFB53A00911BA2 /* Build configuration list for PBXNativeTarget "WeatherUITests" */;
			buildPhases = (
				8AF78B1825DFB53900911BA2 /* Sources */,
				8AF78B1925DFB53900911BA2 /* Frameworks */,
				8AF78B1A25DFB53900911BA2 /* Resources */,
			);
			buildRules = (
			);
			dependencies = (
				8AF78B1E25DFB53900911BA2 /* PBXTargetDependency */,
			);
			name = WeatherUITests;
			productName = WeatherUITests;
			productReference = 8AF78B1C25DFB53900911BA2 /* WeatherUITests.xctest */;
			productType = "com.apple.product-type.bundle.ui-testing";
		};
/* End PBXNativeTarget section */

/* Begin PBXProject section */
		8AF78AF325DFB53800911BA2 /* Project object */ = {
			isa = PBXProject;
			attributes = {
				LastSwiftUpdateCheck = 1230;
				LastUpgradeCheck = 1230;
				TargetAttributes = {
					8AF78AFA25DFB53800911BA2 = {
						CreatedOnToolsVersion = 12.3;
					};
					8AF78B1025DFB53900911BA2 = {
						CreatedOnToolsVersion = 12.3;
						TestTargetID = 8AF78AFA25DFB53800911BA2;
					};
					8AF78B1B25DFB53900911BA2 = {
						CreatedOnToolsVersion = 12.3;
						TestTargetID = 8AF78AFA25DFB53800911BA2;
					};
				};
			};
			buildConfigurationList = 8AF78AF625DFB53800911BA2 /* Build configuration list for PBXProject "Weather" */;
			compatibilityVersion = "Xcode 9.3";
			developmentRegion = en;
			hasScannedForEncodings = 0;
			knownRegions = (
				en,
				Base,
			);
			mainGroup = 8AF78AF225DFB53800911BA2;
			productRefGroup = 8AF78AFC25DFB53800911BA2 /* Products */;
			projectDirPath = "";
			projectRoot = "";
			targets = (
				8AF78AFA25DFB53800911BA2 /* Weather */,
				8AF78B1025DFB53900911BA2 /* WeatherTests */,
				8AF78B1B25DFB53900911BA2 /* WeatherUITests */,
			);
		};
/* End PBXProject section */

/* Begin PBXResourcesBuildPhase section */
		8AF78AF925DFB53800911BA2 /* Resources */ = {
			isa = PBXResourcesBuildPhase;
			buildActionMask = 2147483647;
			files = (
				8AF78B0B25DFB53900911BA2 /* LaunchScreen.storyboard in Resources */,
				8AF78B0825DFB53900911BA2 /* Assets.xcassets in Resources */,
				8AF78B3525DFC61600911BA2 /* SummaryTableViewCell.xib in Resources */,
				8AF78B0625DFB53800911BA2 /* Main.storyboard in Resources */,
			);
			runOnlyForDeploymentPostprocessing = 0;
		};
		8AF78B0F25DFB53900911BA2 /* Resources */ = {
			isa = PBXResourcesBuildPhase;
			buildActionMask = 2147483647;
			files = (
			);
			runOnlyForDeploymentPostprocessing = 0;
		};
		8AF78B1A25DFB53900911BA2 /* Resources */ = {
			isa = PBXResourcesBuildPhase;
			buildActionMask = 2147483647;
			files = (
			);
			runOnlyForDeploymentPostprocessing = 0;
		};
/* End PBXResourcesBuildPhase section */

/* Begin PBXSourcesBuildPhase section */
		8AF78AF725DFB53800911BA2 /* Sources */ = {
			isa = PBXSourcesBuildPhase;
			buildActionMask = 2147483647;
			files = (
				8AF78C3625E0532F00911BA2 /* ForecastTableViewCell.swift in Sources */,
				8AF78B0325DFB53800911BA2 /* ViewController.swift in Sources */,
				8AF78C4D25E0725900911BA2 /* CurrentWeather.swift in Sources */,
				8AF78C6125E07D9500911BA2 /* Double+Formatter.swift in Sources */,
				8AF78AFF25DFB53800911BA2 /* AppDelegate.swift in Sources */,
				8AF78C5225E0729100911BA2 /* Forecast.swift in Sources */,
				8AF78B3425DFC61600911BA2 /* SummaryTableViewCell.swift in Sources */,
				8AF78C1B25E03D4700911BA2 /* Common.swift in Sources */,
				8AF78C5825E0732C00911BA2 /* WeatherDataSource.swift in Sources */,
				8AF78B0125DFB53800911BA2 /* SceneDelegate.swift in Sources */,
				8AF78C4525E0722100911BA2 /* APIError.swift in Sources */,
			);
			runOnlyForDeploymentPostprocessing = 0;
		};
		8AF78B0D25DFB53900911BA2 /* Sources */ = {
			isa = PBXSourcesBuildPhase;
			buildActionMask = 2147483647;
			files = (
				8AF78B1625DFB53900911BA2 /* WeatherTests.swift in Sources */,
			);
			runOnlyForDeploymentPostprocessing = 0;
		};
		8AF78B1825DFB53900911BA2 /* Sources */ = {
			isa = PBXSourcesBuildPhase;
			buildActionMask = 2147483647;
			files = (
				8AF78B2125DFB53A00911BA2 /* WeatherUITests.swift in Sources */,
			);
			runOnlyForDeploymentPostprocessing = 0;
		};
/* End PBXSourcesBuildPhase section */

/* Begin PBXTargetDependency section */
		8AF78B1325DFB53900911BA2 /* PBXTargetDependency */ = {
			isa = PBXTargetDependency;
			target = 8AF78AFA25DFB53800911BA2 /* Weather */;
			targetProxy = 8AF78B1225DFB53900911BA2 /* PBXContainerItemProxy */;
		};
		8AF78B1E25DFB53900911BA2 /* PBXTargetDependency */ = {
			isa = PBXTargetDependency;
			target = 8AF78AFA25DFB53800911BA2 /* Weather */;
			targetProxy = 8AF78B1D25DFB53900911BA2 /* PBXContainerItemProxy */;
		};
/* End PBXTargetDependency section */

/* Begin PBXVariantGroup section */
		8AF78B0425DFB53800911BA2 /* Main.storyboard */ = {
			isa = PBXVariantGroup;
			children = (
				8AF78B0525DFB53800911BA2 /* Base */,
			);
			name = Main.storyboard;
			sourceTree = "<group>";
		};
		8AF78B0925DFB53900911BA2 /* LaunchScreen.storyboard */ = {
			isa = PBXVariantGroup;
			children = (
				8AF78B0A25DFB53900911BA2 /* Base */,
			);
			name = LaunchScreen.storyboard;
			sourceTree = "<group>";
		};
/* End PBXVariantGroup section */

/* Begin XCBuildConfiguration section */
		8AF78B2325DFB53A00911BA2 /* Debug */ = {
			isa = XCBuildConfiguration;
			buildSettings = {
				ALWAYS_SEARCH_USER_PATHS = NO;
				CLANG_ANALYZER_NONNULL = YES;
				CLANG_ANALYZER_NUMBER_OBJECT_CONVERSION = YES_AGGRESSIVE;
				CLANG_CXX_LANGUAGE_STANDARD = "gnu++14";
				CLANG_CXX_LIBRARY = "libc++";
				CLANG_ENABLE_MODULES = YES;
				CLANG_ENABLE_OBJC_ARC = YES;
				CLANG_ENABLE_OBJC_WEAK = YES;
				CLANG_WARN_BLOCK_CAPTURE_AUTORELEASING = YES;
				CLANG_WARN_BOOL_CONVERSION = YES;
				CLANG_WARN_COMMA = YES;
				CLANG_WARN_CONSTANT_CONVERSION = YES;
				CLANG_WARN_DEPRECATED_OBJC_IMPLEMENTATIONS = YES;
				CLANG_WARN_DIRECT_OBJC_ISA_USAGE = YES_ERROR;
				CLANG_WARN_DOCUMENTATION_COMMENTS = YES;
				CLANG_WARN_EMPTY_BODY = YES;
				CLANG_WARN_ENUM_CONVERSION = YES;
				CLANG_WARN_INFINITE_RECURSION = YES;
				CLANG_WARN_INT_CONVERSION = YES;
				CLANG_WARN_NON_LITERAL_NULL_CONVERSION = YES;
				CLANG_WARN_OBJC_IMPLICIT_RETAIN_SELF = YES;
				CLANG_WARN_OBJC_LITERAL_CONVERSION = YES;
				CLANG_WARN_OBJC_ROOT_CLASS = YES_ERROR;
				CLANG_WARN_QUOTED_INCLUDE_IN_FRAMEWORK_HEADER = YES;
				CLANG_WARN_RANGE_LOOP_ANALYSIS = YES;
				CLANG_WARN_STRICT_PROTOTYPES = YES;
				CLANG_WARN_SUSPICIOUS_MOVE = YES;
				CLANG_WARN_UNGUARDED_AVAILABILITY = YES_AGGRESSIVE;
				CLANG_WARN_UNREACHABLE_CODE = YES;
				CLANG_WARN__DUPLICATE_METHOD_MATCH = YES;
				COPY_PHASE_STRIP = NO;
				DEBUG_INFORMATION_FORMAT = dwarf;
				ENABLE_STRICT_OBJC_MSGSEND = YES;
				ENABLE_TESTABILITY = YES;
				GCC_C_LANGUAGE_STANDARD = gnu11;
				GCC_DYNAMIC_NO_PIC = NO;
				GCC_NO_COMMON_BLOCKS = YES;
				GCC_OPTIMIZATION_LEVEL = 0;
				GCC_PREPROCESSOR_DEFINITIONS = (
					"DEBUG=1",
					"$(inherited)",
				);
				GCC_WARN_64_TO_32_BIT_CONVERSION = YES;
				GCC_WARN_ABOUT_RETURN_TYPE = YES_ERROR;
				GCC_WARN_UNDECLARED_SELECTOR = YES;
				GCC_WARN_UNINITIALIZED_AUTOS = YES_AGGRESSIVE;
				GCC_WARN_UNUSED_FUNCTION = YES;
				GCC_WARN_UNUSED_VARIABLE = YES;
				IPHONEOS_DEPLOYMENT_TARGET = 14.3;
				MTL_ENABLE_DEBUG_INFO = INCLUDE_SOURCE;
				MTL_FAST_MATH = YES;
				ONLY_ACTIVE_ARCH = YES;
				SDKROOT = iphoneos;
				SWIFT_ACTIVE_COMPILATION_CONDITIONS = DEBUG;
				SWIFT_OPTIMIZATION_LEVEL = "-Onone";
			};
			name = Debug;
		};
		8AF78B2425DFB53A00911BA2 /* Release */ = {
			isa = XCBuildConfiguration;
			buildSettings = {
				ALWAYS_SEARCH_USER_PATHS = NO;
				CLANG_ANALYZER_NONNULL = YES;
				CLANG_ANALYZER_NUMBER_OBJECT_CONVERSION = YES_AGGRESSIVE;
				CLANG_CXX_LANGUAGE_STANDARD = "gnu++14";
				CLANG_CXX_LIBRARY = "libc++";
				CLANG_ENABLE_MODULES = YES;
				CLANG_ENABLE_OBJC_ARC = YES;
				CLANG_ENABLE_OBJC_WEAK = YES;
				CLANG_WARN_BLOCK_CAPTURE_AUTORELEASING = YES;
				CLANG_WARN_BOOL_CONVERSION = YES;
				CLANG_WARN_COMMA = YES;
				CLANG_WARN_CONSTANT_CONVERSION = YES;
				CLANG_WARN_DEPRECATED_OBJC_IMPLEMENTATIONS = YES;
				CLANG_WARN_DIRECT_OBJC_ISA_USAGE = YES_ERROR;
				CLANG_WARN_DOCUMENTATION_COMMENTS = YES;
				CLANG_WARN_EMPTY_BODY = YES;
				CLANG_WARN_ENUM_CONVERSION = YES;
				CLANG_WARN_INFINITE_RECURSION = YES;
				CLANG_WARN_INT_CONVERSION = YES;
				CLANG_WARN_NON_LITERAL_NULL_CONVERSION = YES;
				CLANG_WARN_OBJC_IMPLICIT_RETAIN_SELF = YES;
				CLANG_WARN_OBJC_LITERAL_CONVERSION = YES;
				CLANG_WARN_OBJC_ROOT_CLASS = YES_ERROR;
				CLANG_WARN_QUOTED_INCLUDE_IN_FRAMEWORK_HEADER = YES;
				CLANG_WARN_RANGE_LOOP_ANALYSIS = YES;
				CLANG_WARN_STRICT_PROTOTYPES = YES;
				CLANG_WARN_SUSPICIOUS_MOVE = YES;
				CLANG_WARN_UNGUARDED_AVAILABILITY = YES_AGGRESSIVE;
				CLANG_WARN_UNREACHABLE_CODE = YES;
				CLANG_WARN__DUPLICATE_METHOD_MATCH = YES;
				COPY_PHASE_STRIP = NO;
				DEBUG_INFORMATION_FORMAT = "dwarf-with-dsym";
				ENABLE_NS_ASSERTIONS = NO;
				ENABLE_STRICT_OBJC_MSGSEND = YES;
				GCC_C_LANGUAGE_STANDARD = gnu11;
				GCC_NO_COMMON_BLOCKS = YES;
				GCC_WARN_64_TO_32_BIT_CONVERSION = YES;
				GCC_WARN_ABOUT_RETURN_TYPE = YES_ERROR;
				GCC_WARN_UNDECLARED_SELECTOR = YES;
				GCC_WARN_UNINITIALIZED_AUTOS = YES_AGGRESSIVE;
				GCC_WARN_UNUSED_FUNCTION = YES;
				GCC_WARN_UNUSED_VARIABLE = YES;
				IPHONEOS_DEPLOYMENT_TARGET = 14.3;
				MTL_ENABLE_DEBUG_INFO = NO;
				MTL_FAST_MATH = YES;
				SDKROOT = iphoneos;
				SWIFT_COMPILATION_MODE = wholemodule;
				SWIFT_OPTIMIZATION_LEVEL = "-O";
				VALIDATE_PRODUCT = YES;
			};
			name = Release;
		};
		8AF78B2625DFB53A00911BA2 /* Debug */ = {
			isa = XCBuildConfiguration;
			buildSettings = {
				ASSETCATALOG_COMPILER_APPICON_NAME = AppIcon;
				ASSETCATALOG_COMPILER_GLOBAL_ACCENT_COLOR_NAME = AccentColor;
				CODE_SIGN_STYLE = Automatic;
				DEVELOPMENT_TEAM = WX8CNHALLY;
				INFOPLIST_FILE = Weather/Info.plist;
				IPHONEOS_DEPLOYMENT_TARGET = 11.3;
				LD_RUNPATH_SEARCH_PATHS = (
					"$(inherited)",
					"@executable_path/Frameworks",
				);
				PRODUCT_BUNDLE_IDENTIFIER = com.cjmin.Weather;
				PRODUCT_NAME = "$(TARGET_NAME)";
				SWIFT_VERSION = 5.0;
				TARGETED_DEVICE_FAMILY = "1,2";
			};
			name = Debug;
		};
		8AF78B2725DFB53A00911BA2 /* Release */ = {
			isa = XCBuildConfiguration;
			buildSettings = {
				ASSETCATALOG_COMPILER_APPICON_NAME = AppIcon;
				ASSETCATALOG_COMPILER_GLOBAL_ACCENT_COLOR_NAME = AccentColor;
				CODE_SIGN_STYLE = Automatic;
				DEVELOPMENT_TEAM = WX8CNHALLY;
				INFOPLIST_FILE = Weather/Info.plist;
				IPHONEOS_DEPLOYMENT_TARGET = 11.3;
				LD_RUNPATH_SEARCH_PATHS = (
					"$(inherited)",
					"@executable_path/Frameworks",
				);
				PRODUCT_BUNDLE_IDENTIFIER = com.cjmin.Weather;
				PRODUCT_NAME = "$(TARGET_NAME)";
				SWIFT_VERSION = 5.0;
				TARGETED_DEVICE_FAMILY = "1,2";
			};
			name = Release;
		};
		8AF78B2925DFB53A00911BA2 /* Debug */ = {
			isa = XCBuildConfiguration;
			buildSettings = {
				ALWAYS_EMBED_SWIFT_STANDARD_LIBRARIES = YES;
				BUNDLE_LOADER = "$(TEST_HOST)";
				CODE_SIGN_STYLE = Automatic;
				DEVELOPMENT_TEAM = WX8CNHALLY;
				INFOPLIST_FILE = WeatherTests/Info.plist;
				IPHONEOS_DEPLOYMENT_TARGET = 14.3;
				LD_RUNPATH_SEARCH_PATHS = (
					"$(inherited)",
					"@executable_path/Frameworks",
					"@loader_path/Frameworks",
				);
				PRODUCT_BUNDLE_IDENTIFIER = com.cjmin.WeatherTests;
				PRODUCT_NAME = "$(TARGET_NAME)";
				SWIFT_VERSION = 5.0;
				TARGETED_DEVICE_FAMILY = "1,2";
				TEST_HOST = "$(BUILT_PRODUCTS_DIR)/Weather.app/Weather";
			};
			name = Debug;
		};
		8AF78B2A25DFB53A00911BA2 /* Release */ = {
			isa = XCBuildConfiguration;
			buildSettings = {
				ALWAYS_EMBED_SWIFT_STANDARD_LIBRARIES = YES;
				BUNDLE_LOADER = "$(TEST_HOST)";
				CODE_SIGN_STYLE = Automatic;
				DEVELOPMENT_TEAM = WX8CNHALLY;
				INFOPLIST_FILE = WeatherTests/Info.plist;
				IPHONEOS_DEPLOYMENT_TARGET = 14.3;
				LD_RUNPATH_SEARCH_PATHS = (
					"$(inherited)",
					"@executable_path/Frameworks",
					"@loader_path/Frameworks",
				);
				PRODUCT_BUNDLE_IDENTIFIER = com.cjmin.WeatherTests;
				PRODUCT_NAME = "$(TARGET_NAME)";
				SWIFT_VERSION = 5.0;
				TARGETED_DEVICE_FAMILY = "1,2";
				TEST_HOST = "$(BUILT_PRODUCTS_DIR)/Weather.app/Weather";
			};
			name = Release;
		};
		8AF78B2C25DFB53A00911BA2 /* Debug */ = {
			isa = XCBuildConfiguration;
			buildSettings = {
				ALWAYS_EMBED_SWIFT_STANDARD_LIBRARIES = YES;
				CODE_SIGN_STYLE = Automatic;
				DEVELOPMENT_TEAM = WX8CNHALLY;
				INFOPLIST_FILE = WeatherUITests/Info.plist;
				LD_RUNPATH_SEARCH_PATHS = (
					"$(inherited)",
					"@executable_path/Frameworks",
					"@loader_path/Frameworks",
				);
				PRODUCT_BUNDLE_IDENTIFIER = com.cjmin.WeatherUITests;
				PRODUCT_NAME = "$(TARGET_NAME)";
				SWIFT_VERSION = 5.0;
				TARGETED_DEVICE_FAMILY = "1,2";
				TEST_TARGET_NAME = Weather;
			};
			name = Debug;
		};
		8AF78B2D25DFB53A00911BA2 /* Release */ = {
			isa = XCBuildConfiguration;
			buildSettings = {
				ALWAYS_EMBED_SWIFT_STANDARD_LIBRARIES = YES;
				CODE_SIGN_STYLE = Automatic;
				DEVELOPMENT_TEAM = WX8CNHALLY;
				INFOPLIST_FILE = WeatherUITests/Info.plist;
				LD_RUNPATH_SEARCH_PATHS = (
					"$(inherited)",
					"@executable_path/Frameworks",
					"@loader_path/Frameworks",
				);
				PRODUCT_BUNDLE_IDENTIFIER = com.cjmin.WeatherUITests;
				PRODUCT_NAME = "$(TARGET_NAME)";
				SWIFT_VERSION = 5.0;
				TARGETED_DEVICE_FAMILY = "1,2";
				TEST_TARGET_NAME = Weather;
			};
			name = Release;
		};
/* End XCBuildConfiguration section */

/* Begin XCConfigurationList section */
		8AF78AF625DFB53800911BA2 /* Build configuration list for PBXProject "Weather" */ = {
			isa = XCConfigurationList;
			buildConfigurations = (
				8AF78B2325DFB53A00911BA2 /* Debug */,
				8AF78B2425DFB53A00911BA2 /* Release */,
			);
			defaultConfigurationIsVisible = 0;
			defaultConfigurationName = Release;
		};
		8AF78B2525DFB53A00911BA2 /* Build configuration list for PBXNativeTarget "Weather" */ = {
			isa = XCConfigurationList;
			buildConfigurations = (
				8AF78B2625DFB53A00911BA2 /* Debug */,
				8AF78B2725DFB53A00911BA2 /* Release */,
			);
			defaultConfigurationIsVisible = 0;
			defaultConfigurationName = Release;
		};
		8AF78B2825DFB53A00911BA2 /* Build configuration list for PBXNativeTarget "WeatherTests" */ = {
			isa = XCConfigurationList;
			buildConfigurations = (
				8AF78B2925DFB53A00911BA2 /* Debug */,
				8AF78B2A25DFB53A00911BA2 /* Release */,
			);
			defaultConfigurationIsVisible = 0;
			defaultConfigurationName = Release;
		};
		8AF78B2B25DFB53A00911BA2 /* Build configuration list for PBXNativeTarget "WeatherUITests" */ = {
			isa = XCConfigurationList;
			buildConfigurations = (
				8AF78B2C25DFB53A00911BA2 /* Debug */,
				8AF78B2D25DFB53A00911BA2 /* Release */,
			);
			defaultConfigurationIsVisible = 0;
			defaultConfigurationName = Release;
		};
/* End XCConfigurationList section */
	};
	rootObject = 8AF78AF325DFB53800911BA2 /* Project object */;
}
