// !$*UTF8*$!
{
	archiveVersion = 1;
	classes = {
	};
	objectVersion = 50;
	objects = {

/* Begin PBXBuildFile section */
		8A01D08825C0531500F1CE3A /* AppDelegate.swift in Sources */ = {isa = PBXBuildFile; fileRef = 8A01D08725C0531500F1CE3A /* AppDelegate.swift */; };
		8A01D08A25C0531500F1CE3A /* SceneDelegate.swift in Sources */ = {isa = PBXBuildFile; fileRef = 8A01D08925C0531500F1CE3A /* SceneDelegate.swift */; };
		8A01D08C25C0531500F1CE3A /* ViewController.swift in Sources */ = {isa = PBXBuildFile; fileRef = 8A01D08B25C0531500F1CE3A /* ViewController.swift */; };
		8A01D08F25C0531500F1CE3A /* Main.storyboard in Resources */ = {isa = PBXBuildFile; fileRef = 8A01D08D25C0531500F1CE3A /* Main.storyboard */; };
		8A01D09125C0531600F1CE3A /* Assets.xcassets in Resources */ = {isa = PBXBuildFile; fileRef = 8A01D09025C0531600F1CE3A /* Assets.xcassets */; };
		8A01D09425C0531600F1CE3A /* LaunchScreen.storyboard in Resources */ = {isa = PBXBuildFile; fileRef = 8A01D09225C0531600F1CE3A /* LaunchScreen.storyboard */; };
		8A01D09F25C0531600F1CE3A /* AutoLayoutTests.swift in Sources */ = {isa = PBXBuildFile; fileRef = 8A01D09E25C0531600F1CE3A /* AutoLayoutTests.swift */; };
		8A01D0AA25C0531600F1CE3A /* AutoLayoutUITests.swift in Sources */ = {isa = PBXBuildFile; fileRef = 8A01D0A925C0531600F1CE3A /* AutoLayoutUITests.swift */; };
		8A01D0BB25C07C5400F1CE3A /* MyView.swift in Sources */ = {isa = PBXBuildFile; fileRef = 8A01D0BA25C07C5400F1CE3A /* MyView.swift */; };
/* End PBXBuildFile section */

/* Begin PBXContainerItemProxy section */
		8A01D09B25C0531600F1CE3A /* PBXContainerItemProxy */ = {
			isa = PBXContainerItemProxy;
			containerPortal = 8A01D07C25C0531500F1CE3A /* Project object */;
			proxyType = 1;
			remoteGlobalIDString = 8A01D08325C0531500F1CE3A;
			remoteInfo = AutoLayout;
		};
		8A01D0A625C0531600F1CE3A /* PBXContainerItemProxy */ = {
			isa = PBXContainerItemProxy;
			containerPortal = 8A01D07C25C0531500F1CE3A /* Project object */;
			proxyType = 1;
			remoteGlobalIDString = 8A01D08325C0531500F1CE3A;
			remoteInfo = AutoLayout;
		};
/* End PBXContainerItemProxy section */

/* Begin PBXFileReference section */
		8A01D08425C0531500F1CE3A /* AutoLayout.app */ = {isa = PBXFileReference; explicitFileType = wrapper.application; includeInIndex = 0; path = AutoLayout.app; sourceTree = BUILT_PRODUCTS_DIR; };
		8A01D08725C0531500F1CE3A /* AppDelegate.swift */ = {isa = PBXFileReference; lastKnownFileType = sourcecode.swift; path = AppDelegate.swift; sourceTree = "<group>"; };
		8A01D08925C0531500F1CE3A /* SceneDelegate.swift */ = {isa = PBXFileReference; lastKnownFileType = sourcecode.swift; path = SceneDelegate.swift; sourceTree = "<group>"; };
		8A01D08B25C0531500F1CE3A /* ViewController.swift */ = {isa = PBXFileReference; lastKnownFileType = sourcecode.swift; path = ViewController.swift; sourceTree = "<group>"; };
		8A01D08E25C0531500F1CE3A /* Base */ = {isa = PBXFileReference; lastKnownFileType = file.storyboard; name = Base; path = Base.lproj/Main.storyboard; sourceTree = "<group>"; };
		8A01D09025C0531600F1CE3A /* Assets.xcassets */ = {isa = PBXFileReference; lastKnownFileType = folder.assetcatalog; path = Assets.xcassets; sourceTree = "<group>"; };
		8A01D09325C0531600F1CE3A /* Base */ = {isa = PBXFileReference; lastKnownFileType = file.storyboard; name = Base; path = Base.lproj/LaunchScreen.storyboard; sourceTree = "<group>"; };
		8A01D09525C0531600F1CE3A /* Info.plist */ = {isa = PBXFileReference; lastKnownFileType = text.plist.xml; path = Info.plist; sourceTree = "<group>"; };
		8A01D09A25C0531600F1CE3A /* AutoLayoutTests.xctest */ = {isa = PBXFileReference; explicitFileType = wrapper.cfbundle; includeInIndex = 0; path = AutoLayoutTests.xctest; sourceTree = BUILT_PRODUCTS_DIR; };
		8A01D09E25C0531600F1CE3A /* AutoLayoutTests.swift */ = {isa = PBXFileReference; lastKnownFileType = sourcecode.swift; path = AutoLayoutTests.swift; sourceTree = "<group>"; };
		8A01D0A025C0531600F1CE3A /* Info.plist */ = {isa = PBXFileReference; lastKnownFileType = text.plist.xml; path = Info.plist; sourceTree = "<group>"; };
		8A01D0A525C0531600F1CE3A /* AutoLayoutUITests.xctest */ = {isa = PBXFileReference; explicitFileType = wrapper.cfbundle; includeInIndex = 0; path = AutoLayoutUITests.xctest; sourceTree = BUILT_PRODUCTS_DIR; };
		8A01D0A925C0531600F1CE3A /* AutoLayoutUITests.swift */ = {isa = PBXFileReference; lastKnownFileType = sourcecode.swift; path = AutoLayoutUITests.swift; sourceTree = "<group>"; };
		8A01D0AB25C0531600F1CE3A /* Info.plist */ = {isa = PBXFileReference; lastKnownFileType = text.plist.xml; path = Info.plist; sourceTree = "<group>"; };
		8A01D0BA25C07C5400F1CE3A /* MyView.swift */ = {isa = PBXFileReference; lastKnownFileType = sourcecode.swift; path = MyView.swift; sourceTree = "<group>"; };
/* End PBXFileReference section */

/* Begin PBXFrameworksBuildPhase section */
		8A01D08125C0531500F1CE3A /* Frameworks */ = {
			isa = PBXFrameworksBuildPhase;
			buildActionMask = 2147483647;
			files = (
			);
			runOnlyForDeploymentPostprocessing = 0;
		};
		8A01D09725C0531600F1CE3A /* Frameworks */ = {
			isa = PBXFrameworksBuildPhase;
			buildActionMask = 2147483647;
			files = (
			);
			runOnlyForDeploymentPostprocessing = 0;
		};
		8A01D0A225C0531600F1CE3A /* Frameworks */ = {
			isa = PBXFrameworksBuildPhase;
			buildActionMask = 2147483647;
			files = (
			);
			runOnlyForDeploymentPostprocessing = 0;
		};
/* End PBXFrameworksBuildPhase section */

/* Begin PBXGroup section */
		8A01D07B25C0531500F1CE3A = {
			isa = PBXGroup;
			children = (
				8A01D08625C0531500F1CE3A /* AutoLayout */,
				8A01D09D25C0531600F1CE3A /* AutoLayoutTests */,
				8A01D0A825C0531600F1CE3A /* AutoLayoutUITests */,
				8A01D08525C0531500F1CE3A /* Products */,
			);
			sourceTree = "<group>";
		};
		8A01D08525C0531500F1CE3A /* Products */ = {
			isa = PBXGroup;
			children = (
				8A01D08425C0531500F1CE3A /* AutoLayout.app */,
				8A01D09A25C0531600F1CE3A /* AutoLayoutTests.xctest */,
				8A01D0A525C0531600F1CE3A /* AutoLayoutUITests.xctest */,
			);
			name = Products;
			sourceTree = "<group>";
		};
		8A01D08625C0531500F1CE3A /* AutoLayout */ = {
			isa = PBXGroup;
			children = (
				8A01D08725C0531500F1CE3A /* AppDelegate.swift */,
				8A01D08925C0531500F1CE3A /* SceneDelegate.swift */,
				8A01D08B25C0531500F1CE3A /* ViewController.swift */,
				8A01D08D25C0531500F1CE3A /* Main.storyboard */,
				8A01D0BA25C07C5400F1CE3A /* MyView.swift */,
				8A01D09025C0531600F1CE3A /* Assets.xcassets */,
				8A01D09225C0531600F1CE3A /* LaunchScreen.storyboard */,
				8A01D09525C0531600F1CE3A /* Info.plist */,
			);
			path = AutoLayout;
			sourceTree = "<group>";
		};
		8A01D09D25C0531600F1CE3A /* AutoLayoutTests */ = {
			isa = PBXGroup;
			children = (
				8A01D09E25C0531600F1CE3A /* AutoLayoutTests.swift */,
				8A01D0A025C0531600F1CE3A /* Info.plist */,
			);
			path = AutoLayoutTests;
			sourceTree = "<group>";
		};
		8A01D0A825C0531600F1CE3A /* AutoLayoutUITests */ = {
			isa = PBXGroup;
			children = (
				8A01D0A925C0531600F1CE3A /* AutoLayoutUITests.swift */,
				8A01D0AB25C0531600F1CE3A /* Info.plist */,
			);
			path = AutoLayoutUITests;
			sourceTree = "<group>";
		};
/* End PBXGroup section */

/* Begin PBXNativeTarget section */
		8A01D08325C0531500F1CE3A /* AutoLayout */ = {
			isa = PBXNativeTarget;
			buildConfigurationList = 8A01D0AE25C0531600F1CE3A /* Build configuration list for PBXNativeTarget "AutoLayout" */;
			buildPhases = (
				8A01D08025C0531500F1CE3A /* Sources */,
				8A01D08125C0531500F1CE3A /* Frameworks */,
				8A01D08225C0531500F1CE3A /* Resources */,
			);
			buildRules = (
			);
			dependencies = (
			);
			name = AutoLayout;
			productName = AutoLayout;
			productReference = 8A01D08425C0531500F1CE3A /* AutoLayout.app */;
			productType = "com.apple.product-type.application";
		};
		8A01D09925C0531600F1CE3A /* AutoLayoutTests */ = {
			isa = PBXNativeTarget;
			buildConfigurationList = 8A01D0B125C0531600F1CE3A /* Build configuration list for PBXNativeTarget "AutoLayoutTests" */;
			buildPhases = (
				8A01D09625C0531600F1CE3A /* Sources */,
				8A01D09725C0531600F1CE3A /* Frameworks */,
				8A01D09825C0531600F1CE3A /* Resources */,
			);
			buildRules = (
			);
			dependencies = (
				8A01D09C25C0531600F1CE3A /* PBXTargetDependency */,
			);
			name = AutoLayoutTests;
			productName = AutoLayoutTests;
			productReference = 8A01D09A25C0531600F1CE3A /* AutoLayoutTests.xctest */;
			productType = "com.apple.product-type.bundle.unit-test";
		};
		8A01D0A425C0531600F1CE3A /* AutoLayoutUITests */ = {
			isa = PBXNativeTarget;
			buildConfigurationList = 8A01D0B425C0531600F1CE3A /* Build configuration list for PBXNativeTarget "AutoLayoutUITests" */;
			buildPhases = (
				8A01D0A125C0531600F1CE3A /* Sources */,
				8A01D0A225C0531600F1CE3A /* Frameworks */,
				8A01D0A325C0531600F1CE3A /* Resources */,
			);
			buildRules = (
			);
			dependencies = (
				8A01D0A725C0531600F1CE3A /* PBXTargetDependency */,
			);
			name = AutoLayoutUITests;
			productName = AutoLayoutUITests;
			productReference = 8A01D0A525C0531600F1CE3A /* AutoLayoutUITests.xctest */;
			productType = "com.apple.product-type.bundle.ui-testing";
		};
/* End PBXNativeTarget section */

/* Begin PBXProject section */
		8A01D07C25C0531500F1CE3A /* Project object */ = {
			isa = PBXProject;
			attributes = {
				LastSwiftUpdateCheck = 1230;
				LastUpgradeCheck = 1230;
				TargetAttributes = {
					8A01D08325C0531500F1CE3A = {
						CreatedOnToolsVersion = 12.3;
					};
					8A01D09925C0531600F1CE3A = {
						CreatedOnToolsVersion = 12.3;
						TestTargetID = 8A01D08325C0531500F1CE3A;
					};
					8A01D0A425C0531600F1CE3A = {
						CreatedOnToolsVersion = 12.3;
						TestTargetID = 8A01D08325C0531500F1CE3A;
					};
				};
			};
			buildConfigurationList = 8A01D07F25C0531500F1CE3A /* Build configuration list for PBXProject "AutoLayout" */;
			compatibilityVersion = "Xcode 9.3";
			developmentRegion = en;
			hasScannedForEncodings = 0;
			knownRegions = (
				en,
				Base,
			);
			mainGroup = 8A01D07B25C0531500F1CE3A;
			productRefGroup = 8A01D08525C0531500F1CE3A /* Products */;
			projectDirPath = "";
			projectRoot = "";
			targets = (
				8A01D08325C0531500F1CE3A /* AutoLayout */,
				8A01D09925C0531600F1CE3A /* AutoLayoutTests */,
				8A01D0A425C0531600F1CE3A /* AutoLayoutUITests */,
			);
		};
/* End PBXProject section */

/* Begin PBXResourcesBuildPhase section */
		8A01D08225C0531500F1CE3A /* Resources */ = {
			isa = PBXResourcesBuildPhase;
			buildActionMask = 2147483647;
			files = (
				8A01D09425C0531600F1CE3A /* LaunchScreen.storyboard in Resources */,
				8A01D09125C0531600F1CE3A /* Assets.xcassets in Resources */,
				8A01D08F25C0531500F1CE3A /* Main.storyboard in Resources */,
			);
			runOnlyForDeploymentPostprocessing = 0;
		};
		8A01D09825C0531600F1CE3A /* Resources */ = {
			isa = PBXResourcesBuildPhase;
			buildActionMask = 2147483647;
			files = (
			);
			runOnlyForDeploymentPostprocessing = 0;
		};
		8A01D0A325C0531600F1CE3A /* Resources */ = {
			isa = PBXResourcesBuildPhase;
			buildActionMask = 2147483647;
			files = (
			);
			runOnlyForDeploymentPostprocessing = 0;
		};
/* End PBXResourcesBuildPhase section */

/* Begin PBXSourcesBuildPhase section */
		8A01D08025C0531500F1CE3A /* Sources */ = {
			isa = PBXSourcesBuildPhase;
			buildActionMask = 2147483647;
			files = (
				8A01D0BB25C07C5400F1CE3A /* MyView.swift in Sources */,
				8A01D08C25C0531500F1CE3A /* ViewController.swift in Sources */,
				8A01D08825C0531500F1CE3A /* AppDelegate.swift in Sources */,
				8A01D08A25C0531500F1CE3A /* SceneDelegate.swift in Sources */,
			);
			runOnlyForDeploymentPostprocessing = 0;
		};
		8A01D09625C0531600F1CE3A /* Sources */ = {
			isa = PBXSourcesBuildPhase;
			buildActionMask = 2147483647;
			files = (
				8A01D09F25C0531600F1CE3A /* AutoLayoutTests.swift in Sources */,
			);
			runOnlyForDeploymentPostprocessing = 0;
		};
		8A01D0A125C0531600F1CE3A /* Sources */ = {
			isa = PBXSourcesBuildPhase;
			buildActionMask = 2147483647;
			files = (
				8A01D0AA25C0531600F1CE3A /* AutoLayoutUITests.swift in Sources */,
			);
			runOnlyForDeploymentPostprocessing = 0;
		};
/* End PBXSourcesBuildPhase section */

/* Begin PBXTargetDependency section */
		8A01D09C25C0531600F1CE3A /* PBXTargetDependency */ = {
			isa = PBXTargetDependency;
			target = 8A01D08325C0531500F1CE3A /* AutoLayout */;
			targetProxy = 8A01D09B25C0531600F1CE3A /* PBXContainerItemProxy */;
		};
		8A01D0A725C0531600F1CE3A /* PBXTargetDependency */ = {
			isa = PBXTargetDependency;
			target = 8A01D08325C0531500F1CE3A /* AutoLayout */;
			targetProxy = 8A01D0A625C0531600F1CE3A /* PBXContainerItemProxy */;
		};
/* End PBXTargetDependency section */

/* Begin PBXVariantGroup section */
		8A01D08D25C0531500F1CE3A /* Main.storyboard */ = {
			isa = PBXVariantGroup;
			children = (
				8A01D08E25C0531500F1CE3A /* Base */,
			);
			name = Main.storyboard;
			sourceTree = "<group>";
		};
		8A01D09225C0531600F1CE3A /* LaunchScreen.storyboard */ = {
			isa = PBXVariantGroup;
			children = (
				8A01D09325C0531600F1CE3A /* Base */,
			);
			name = LaunchScreen.storyboard;
			sourceTree = "<group>";
		};
/* End PBXVariantGroup section */

/* Begin XCBuildConfiguration section */
		8A01D0AC25C0531600F1CE3A /* Debug */ = {
			isa = XCBuildConfiguration;
			buildSettings = {
				ALWAYS_SEARCH_USER_PATHS = NO;
				CLANG_ANALYZER_NONNULL = YES;
				CLANG_ANALYZER_NUMBER_OBJECT_CONVERSION = YES_AGGRESSIVE;
				CLANG_CXX_LANGUAGE_STANDARD = "gnu++14";
				CLANG_CXX_LIBRARY = "libc++";
				CLANG_ENABLE_MODULES = YES;
				CLANG_ENABLE_OBJC_ARC = YES;
				CLANG_ENABLE_OBJC_WEAK = YES;
				CLANG_WARN_BLOCK_CAPTURE_AUTORELEASING = YES;
				CLANG_WARN_BOOL_CONVERSION = YES;
				CLANG_WARN_COMMA = YES;
				CLANG_WARN_CONSTANT_CONVERSION = YES;
				CLANG_WARN_DEPRECATED_OBJC_IMPLEMENTATIONS = YES;
				CLANG_WARN_DIRECT_OBJC_ISA_USAGE = YES_ERROR;
				CLANG_WARN_DOCUMENTATION_COMMENTS = YES;
				CLANG_WARN_EMPTY_BODY = YES;
				CLANG_WARN_ENUM_CONVERSION = YES;
				CLANG_WARN_INFINITE_RECURSION = YES;
				CLANG_WARN_INT_CONVERSION = YES;
				CLANG_WARN_NON_LITERAL_NULL_CONVERSION = YES;
				CLANG_WARN_OBJC_IMPLICIT_RETAIN_SELF = YES;
				CLANG_WARN_OBJC_LITERAL_CONVERSION = YES;
				CLANG_WARN_OBJC_ROOT_CLASS = YES_ERROR;
				CLANG_WARN_QUOTED_INCLUDE_IN_FRAMEWORK_HEADER = YES;
				CLANG_WARN_RANGE_LOOP_ANALYSIS = YES;
				CLANG_WARN_STRICT_PROTOTYPES = YES;
				CLANG_WARN_SUSPICIOUS_MOVE = YES;
				CLANG_WARN_UNGUARDED_AVAILABILITY = YES_AGGRESSIVE;
				CLANG_WARN_UNREACHABLE_CODE = YES;
				CLANG_WARN__DUPLICATE_METHOD_MATCH = YES;
				COPY_PHASE_STRIP = NO;
				DEBUG_INFORMATION_FORMAT = dwarf;
				ENABLE_STRICT_OBJC_MSGSEND = YES;
				ENABLE_TESTABILITY = YES;
				GCC_C_LANGUAGE_STANDARD = gnu11;
				GCC_DYNAMIC_NO_PIC = NO;
				GCC_NO_COMMON_BLOCKS = YES;
				GCC_OPTIMIZATION_LEVEL = 0;
				GCC_PREPROCESSOR_DEFINITIONS = (
					"DEBUG=1",
					"$(inherited)",
				);
				GCC_WARN_64_TO_32_BIT_CONVERSION = YES;
				GCC_WARN_ABOUT_RETURN_TYPE = YES_ERROR;
				GCC_WARN_UNDECLARED_SELECTOR = YES;
				GCC_WARN_UNINITIALIZED_AUTOS = YES_AGGRESSIVE;
				GCC_WARN_UNUSED_FUNCTION = YES;
				GCC_WARN_UNUSED_VARIABLE = YES;
				IPHONEOS_DEPLOYMENT_TARGET = 14.3;
				MTL_ENABLE_DEBUG_INFO = INCLUDE_SOURCE;
				MTL_FAST_MATH = YES;
				ONLY_ACTIVE_ARCH = YES;
				SDKROOT = iphoneos;
				SWIFT_ACTIVE_COMPILATION_CONDITIONS = DEBUG;
				SWIFT_OPTIMIZATION_LEVEL = "-Onone";
			};
			name = Debug;
		};
		8A01D0AD25C0531600F1CE3A /* Release */ = {
			isa = XCBuildConfiguration;
			buildSettings = {
				ALWAYS_SEARCH_USER_PATHS = NO;
				CLANG_ANALYZER_NONNULL = YES;
				CLANG_ANALYZER_NUMBER_OBJECT_CONVERSION = YES_AGGRESSIVE;
				CLANG_CXX_LANGUAGE_STANDARD = "gnu++14";
				CLANG_CXX_LIBRARY = "libc++";
				CLANG_ENABLE_MODULES = YES;
				CLANG_ENABLE_OBJC_ARC = YES;
				CLANG_ENABLE_OBJC_WEAK = YES;
				CLANG_WARN_BLOCK_CAPTURE_AUTORELEASING = YES;
				CLANG_WARN_BOOL_CONVERSION = YES;
				CLANG_WARN_COMMA = YES;
				CLANG_WARN_CONSTANT_CONVERSION = YES;
				CLANG_WARN_DEPRECATED_OBJC_IMPLEMENTATIONS = YES;
				CLANG_WARN_DIRECT_OBJC_ISA_USAGE = YES_ERROR;
				CLANG_WARN_DOCUMENTATION_COMMENTS = YES;
				CLANG_WARN_EMPTY_BODY = YES;
				CLANG_WARN_ENUM_CONVERSION = YES;
				CLANG_WARN_INFINITE_RECURSION = YES;
				CLANG_WARN_INT_CONVERSION = YES;
				CLANG_WARN_NON_LITERAL_NULL_CONVERSION = YES;
				CLANG_WARN_OBJC_IMPLICIT_RETAIN_SELF = YES;
				CLANG_WARN_OBJC_LITERAL_CONVERSION = YES;
				CLANG_WARN_OBJC_ROOT_CLASS = YES_ERROR;
				CLANG_WARN_QUOTED_INCLUDE_IN_FRAMEWORK_HEADER = YES;
				CLANG_WARN_RANGE_LOOP_ANALYSIS = YES;
				CLANG_WARN_STRICT_PROTOTYPES = YES;
				CLANG_WARN_SUSPICIOUS_MOVE = YES;
				CLANG_WARN_UNGUARDED_AVAILABILITY = YES_AGGRESSIVE;
				CLANG_WARN_UNREACHABLE_CODE = YES;
				CLANG_WARN__DUPLICATE_METHOD_MATCH = YES;
				COPY_PHASE_STRIP = NO;
				DEBUG_INFORMATION_FORMAT = "dwarf-with-dsym";
				ENABLE_NS_ASSERTIONS = NO;
				ENABLE_STRICT_OBJC_MSGSEND = YES;
				GCC_C_LANGUAGE_STANDARD = gnu11;
				GCC_NO_COMMON_BLOCKS = YES;
				GCC_WARN_64_TO_32_BIT_CONVERSION = YES;
				GCC_WARN_ABOUT_RETURN_TYPE = YES_ERROR;
				GCC_WARN_UNDECLARED_SELECTOR = YES;
				GCC_WARN_UNINITIALIZED_AUTOS = YES_AGGRESSIVE;
				GCC_WARN_UNUSED_FUNCTION = YES;
				GCC_WARN_UNUSED_VARIABLE = YES;
				IPHONEOS_DEPLOYMENT_TARGET = 14.3;
				MTL_ENABLE_DEBUG_INFO = NO;
				MTL_FAST_MATH = YES;
				SDKROOT = iphoneos;
				SWIFT_COMPILATION_MODE = wholemodule;
				SWIFT_OPTIMIZATION_LEVEL = "-O";
				VALIDATE_PRODUCT = YES;
			};
			name = Release;
		};
		8A01D0AF25C0531600F1CE3A /* Debug */ = {
			isa = XCBuildConfiguration;
			buildSettings = {
				ASSETCATALOG_COMPILER_APPICON_NAME = AppIcon;
				ASSETCATALOG_COMPILER_GLOBAL_ACCENT_COLOR_NAME = AccentColor;
				CODE_SIGN_STYLE = Automatic;
				DEVELOPMENT_TEAM = WX8CNHALLY;
				INFOPLIST_FILE = AutoLayout/Info.plist;
				LD_RUNPATH_SEARCH_PATHS = (
					"$(inherited)",
					"@executable_path/Frameworks",
				);
				PRODUCT_BUNDLE_IDENTIFIER = com.cjmin.AutoLayout;
				PRODUCT_NAME = "$(TARGET_NAME)";
				SWIFT_VERSION = 5.0;
				TARGETED_DEVICE_FAMILY = "1,2";
			};
			name = Debug;
		};
		8A01D0B025C0531600F1CE3A /* Release */ = {
			isa = XCBuildConfiguration;
			buildSettings = {
				ASSETCATALOG_COMPILER_APPICON_NAME = AppIcon;
				ASSETCATALOG_COMPILER_GLOBAL_ACCENT_COLOR_NAME = AccentColor;
				CODE_SIGN_STYLE = Automatic;
				DEVELOPMENT_TEAM = WX8CNHALLY;
				INFOPLIST_FILE = AutoLayout/Info.plist;
				LD_RUNPATH_SEARCH_PATHS = (
					"$(inherited)",
					"@executable_path/Frameworks",
				);
				PRODUCT_BUNDLE_IDENTIFIER = com.cjmin.AutoLayout;
				PRODUCT_NAME = "$(TARGET_NAME)";
				SWIFT_VERSION = 5.0;
				TARGETED_DEVICE_FAMILY = "1,2";
			};
			name = Release;
		};
		8A01D0B225C0531600F1CE3A /* Debug */ = {
			isa = XCBuildConfiguration;
			buildSettings = {
				ALWAYS_EMBED_SWIFT_STANDARD_LIBRARIES = YES;
				BUNDLE_LOADER = "$(TEST_HOST)";
				CODE_SIGN_STYLE = Automatic;
				DEVELOPMENT_TEAM = WX8CNHALLY;
				INFOPLIST_FILE = AutoLayoutTests/Info.plist;
				IPHONEOS_DEPLOYMENT_TARGET = 14.3;
				LD_RUNPATH_SEARCH_PATHS = (
					"$(inherited)",
					"@executable_path/Frameworks",
					"@loader_path/Frameworks",
				);
				PRODUCT_BUNDLE_IDENTIFIER = com.cjmin.AutoLayoutTests;
				PRODUCT_NAME = "$(TARGET_NAME)";
				SWIFT_VERSION = 5.0;
				TARGETED_DEVICE_FAMILY = "1,2";
				TEST_HOST = "$(BUILT_PRODUCTS_DIR)/AutoLayout.app/AutoLayout";
			};
			name = Debug;
		};
		8A01D0B325C0531600F1CE3A /* Release */ = {
			isa = XCBuildConfiguration;
			buildSettings = {
				ALWAYS_EMBED_SWIFT_STANDARD_LIBRARIES = YES;
				BUNDLE_LOADER = "$(TEST_HOST)";
				CODE_SIGN_STYLE = Automatic;
				DEVELOPMENT_TEAM = WX8CNHALLY;
				INFOPLIST_FILE = AutoLayoutTests/Info.plist;
				IPHONEOS_DEPLOYMENT_TARGET = 14.3;
				LD_RUNPATH_SEARCH_PATHS = (
					"$(inherited)",
					"@executable_path/Frameworks",
					"@loader_path/Frameworks",
				);
				PRODUCT_BUNDLE_IDENTIFIER = com.cjmin.AutoLayoutTests;
				PRODUCT_NAME = "$(TARGET_NAME)";
				SWIFT_VERSION = 5.0;
				TARGETED_DEVICE_FAMILY = "1,2";
				TEST_HOST = "$(BUILT_PRODUCTS_DIR)/AutoLayout.app/AutoLayout";
			};
			name = Release;
		};
		8A01D0B525C0531600F1CE3A /* Debug */ = {
			isa = XCBuildConfiguration;
			buildSettings = {
				ALWAYS_EMBED_SWIFT_STANDARD_LIBRARIES = YES;
				CODE_SIGN_STYLE = Automatic;
				DEVELOPMENT_TEAM = WX8CNHALLY;
				INFOPLIST_FILE = AutoLayoutUITests/Info.plist;
				LD_RUNPATH_SEARCH_PATHS = (
					"$(inherited)",
					"@executable_path/Frameworks",
					"@loader_path/Frameworks",
				);
				PRODUCT_BUNDLE_IDENTIFIER = com.cjmin.AutoLayoutUITests;
				PRODUCT_NAME = "$(TARGET_NAME)";
				SWIFT_VERSION = 5.0;
				TARGETED_DEVICE_FAMILY = "1,2";
				TEST_TARGET_NAME = AutoLayout;
			};
			name = Debug;
		};
		8A01D0B625C0531600F1CE3A /* Release */ = {
			isa = XCBuildConfiguration;
			buildSettings = {
				ALWAYS_EMBED_SWIFT_STANDARD_LIBRARIES = YES;
				CODE_SIGN_STYLE = Automatic;
				DEVELOPMENT_TEAM = WX8CNHALLY;
				INFOPLIST_FILE = AutoLayoutUITests/Info.plist;
				LD_RUNPATH_SEARCH_PATHS = (
					"$(inherited)",
					"@executable_path/Frameworks",
					"@loader_path/Frameworks",
				);
				PRODUCT_BUNDLE_IDENTIFIER = com.cjmin.AutoLayoutUITests;
				PRODUCT_NAME = "$(TARGET_NAME)";
				SWIFT_VERSION = 5.0;
				TARGETED_DEVICE_FAMILY = "1,2";
				TEST_TARGET_NAME = AutoLayout;
			};
			name = Release;
		};
/* End XCBuildConfiguration section */

/* Begin XCConfigurationList section */
		8A01D07F25C0531500F1CE3A /* Build configuration list for PBXProject "AutoLayout" */ = {
			isa = XCConfigurationList;
			buildConfigurations = (
				8A01D0AC25C0531600F1CE3A /* Debug */,
				8A01D0AD25C0531600F1CE3A /* Release */,
			);
			defaultConfigurationIsVisible = 0;
			defaultConfigurationName = Release;
		};
		8A01D0AE25C0531600F1CE3A /* Build configuration list for PBXNativeTarget "AutoLayout" */ = {
			isa = XCConfigurationList;
			buildConfigurations = (
				8A01D0AF25C0531600F1CE3A /* Debug */,
				8A01D0B025C0531600F1CE3A /* Release */,
			);
			defaultConfigurationIsVisible = 0;
			defaultConfigurationName = Release;
		};
		8A01D0B125C0531600F1CE3A /* Build configuration list for PBXNativeTarget "AutoLayoutTests" */ = {
			isa = XCConfigurationList;
			buildConfigurations = (
				8A01D0B225C0531600F1CE3A /* Debug */,
				8A01D0B325C0531600F1CE3A /* Release */,
			);
			defaultConfigurationIsVisible = 0;
			defaultConfigurationName = Release;
		};
		8A01D0B425C0531600F1CE3A /* Build configuration list for PBXNativeTarget "AutoLayoutUITests" */ = {
			isa = XCConfigurationList;
			buildConfigurations = (
				8A01D0B525C0531600F1CE3A /* Debug */,
				8A01D0B625C0531600F1CE3A /* Release */,
			);
			defaultConfigurationIsVisible = 0;
			defaultConfigurationName = Release;
		};
/* End XCConfigurationList section */
	};
	rootObject = 8A01D07C25C0531500F1CE3A /* Project object */;
}
