// !$*UTF8*$!
{
	archiveVersion = 1;
	classes = {
	};
	objectVersion = 50;
	objects = {

/* Begin PBXBuildFile section */
		8A8290D3259AE09D0047CF25 /* AppDelegate.swift in Sources */ = {isa = PBXBuildFile; fileRef = 8A8290D2259AE09D0047CF25 /* AppDelegate.swift */; };
		8A8290D5259AE09D0047CF25 /* SceneDelegate.swift in Sources */ = {isa = PBXBuildFile; fileRef = 8A8290D4259AE09D0047CF25 /* SceneDelegate.swift */; };
		8A8290D7259AE09D0047CF25 /* ViewController.swift in Sources */ = {isa = PBXBuildFile; fileRef = 8A8290D6259AE09D0047CF25 /* ViewController.swift */; };
		8A8290DA259AE09D0047CF25 /* Main.storyboard in Resources */ = {isa = PBXBuildFile; fileRef = 8A8290D8259AE09D0047CF25 /* Main.storyboard */; };
		8A8290DC259AE09D0047CF25 /* Assets.xcassets in Resources */ = {isa = PBXBuildFile; fileRef = 8A8290DB259AE09D0047CF25 /* Assets.xcassets */; };
		8A8290DF259AE09D0047CF25 /* LaunchScreen.storyboard in Resources */ = {isa = PBXBuildFile; fileRef = 8A8290DD259AE09D0047CF25 /* LaunchScreen.storyboard */; };
		8A8290EA259AE09D0047CF25 /* MyAlbumTests.swift in Sources */ = {isa = PBXBuildFile; fileRef = 8A8290E9259AE09D0047CF25 /* MyAlbumTests.swift */; };
		8A8290F5259AE09D0047CF25 /* MyAlbumUITests.swift in Sources */ = {isa = PBXBuildFile; fileRef = 8A8290F4259AE09D0047CF25 /* MyAlbumUITests.swift */; };
/* End PBXBuildFile section */

/* Begin PBXContainerItemProxy section */
		8A8290E6259AE09D0047CF25 /* PBXContainerItemProxy */ = {
			isa = PBXContainerItemProxy;
			containerPortal = 8A8290C7259AE09D0047CF25 /* Project object */;
			proxyType = 1;
			remoteGlobalIDString = 8A8290CE259AE09D0047CF25;
			remoteInfo = MyAlbum;
		};
		8A8290F1259AE09D0047CF25 /* PBXContainerItemProxy */ = {
			isa = PBXContainerItemProxy;
			containerPortal = 8A8290C7259AE09D0047CF25 /* Project object */;
			proxyType = 1;
			remoteGlobalIDString = 8A8290CE259AE09D0047CF25;
			remoteInfo = MyAlbum;
		};
/* End PBXContainerItemProxy section */

/* Begin PBXFileReference section */
		8A8290CF259AE09D0047CF25 /* MyAlbum.app */ = {isa = PBXFileReference; explicitFileType = wrapper.application; includeInIndex = 0; path = MyAlbum.app; sourceTree = BUILT_PRODUCTS_DIR; };
		8A8290D2259AE09D0047CF25 /* AppDelegate.swift */ = {isa = PBXFileReference; lastKnownFileType = sourcecode.swift; path = AppDelegate.swift; sourceTree = "<group>"; };
		8A8290D4259AE09D0047CF25 /* SceneDelegate.swift */ = {isa = PBXFileReference; lastKnownFileType = sourcecode.swift; path = SceneDelegate.swift; sourceTree = "<group>"; };
		8A8290D6259AE09D0047CF25 /* ViewController.swift */ = {isa = PBXFileReference; lastKnownFileType = sourcecode.swift; path = ViewController.swift; sourceTree = "<group>"; };
		8A8290D9259AE09D0047CF25 /* Base */ = {isa = PBXFileReference; lastKnownFileType = file.storyboard; name = Base; path = Base.lproj/Main.storyboard; sourceTree = "<group>"; };
		8A8290DB259AE09D0047CF25 /* Assets.xcassets */ = {isa = PBXFileReference; lastKnownFileType = folder.assetcatalog; path = Assets.xcassets; sourceTree = "<group>"; };
		8A8290DE259AE09D0047CF25 /* Base */ = {isa = PBXFileReference; lastKnownFileType = file.storyboard; name = Base; path = Base.lproj/LaunchScreen.storyboard; sourceTree = "<group>"; };
		8A8290E0259AE09D0047CF25 /* Info.plist */ = {isa = PBXFileReference; lastKnownFileType = text.plist.xml; path = Info.plist; sourceTree = "<group>"; };
		8A8290E5259AE09D0047CF25 /* MyAlbumTests.xctest */ = {isa = PBXFileReference; explicitFileType = wrapper.cfbundle; includeInIndex = 0; path = MyAlbumTests.xctest; sourceTree = BUILT_PRODUCTS_DIR; };
		8A8290E9259AE09D0047CF25 /* MyAlbumTests.swift */ = {isa = PBXFileReference; lastKnownFileType = sourcecode.swift; path = MyAlbumTests.swift; sourceTree = "<group>"; };
		8A8290EB259AE09D0047CF25 /* Info.plist */ = {isa = PBXFileReference; lastKnownFileType = text.plist.xml; path = Info.plist; sourceTree = "<group>"; };
		8A8290F0259AE09D0047CF25 /* MyAlbumUITests.xctest */ = {isa = PBXFileReference; explicitFileType = wrapper.cfbundle; includeInIndex = 0; path = MyAlbumUITests.xctest; sourceTree = BUILT_PRODUCTS_DIR; };
		8A8290F4259AE09D0047CF25 /* MyAlbumUITests.swift */ = {isa = PBXFileReference; lastKnownFileType = sourcecode.swift; path = MyAlbumUITests.swift; sourceTree = "<group>"; };
		8A8290F6259AE09D0047CF25 /* Info.plist */ = {isa = PBXFileReference; lastKnownFileType = text.plist.xml; path = Info.plist; sourceTree = "<group>"; };
/* End PBXFileReference section */

/* Begin PBXFrameworksBuildPhase section */
		8A8290CC259AE09D0047CF25 /* Frameworks */ = {
			isa = PBXFrameworksBuildPhase;
			buildActionMask = 2147483647;
			files = (
			);
			runOnlyForDeploymentPostprocessing = 0;
		};
		8A8290E2259AE09D0047CF25 /* Frameworks */ = {
			isa = PBXFrameworksBuildPhase;
			buildActionMask = 2147483647;
			files = (
			);
			runOnlyForDeploymentPostprocessing = 0;
		};
		8A8290ED259AE09D0047CF25 /* Frameworks */ = {
			isa = PBXFrameworksBuildPhase;
			buildActionMask = 2147483647;
			files = (
			);
			runOnlyForDeploymentPostprocessing = 0;
		};
/* End PBXFrameworksBuildPhase section */

/* Begin PBXGroup section */
		8A8290C6259AE09D0047CF25 = {
			isa = PBXGroup;
			children = (
				8A8290D1259AE09D0047CF25 /* MyAlbum */,
				8A8290E8259AE09D0047CF25 /* MyAlbumTests */,
				8A8290F3259AE09D0047CF25 /* MyAlbumUITests */,
				8A8290D0259AE09D0047CF25 /* Products */,
			);
			sourceTree = "<group>";
		};
		8A8290D0259AE09D0047CF25 /* Products */ = {
			isa = PBXGroup;
			children = (
				8A8290CF259AE09D0047CF25 /* MyAlbum.app */,
				8A8290E5259AE09D0047CF25 /* MyAlbumTests.xctest */,
				8A8290F0259AE09D0047CF25 /* MyAlbumUITests.xctest */,
			);
			name = Products;
			sourceTree = "<group>";
		};
		8A8290D1259AE09D0047CF25 /* MyAlbum */ = {
			isa = PBXGroup;
			children = (
				8A8290D2259AE09D0047CF25 /* AppDelegate.swift */,
				8A8290D4259AE09D0047CF25 /* SceneDelegate.swift */,
				8A8290D6259AE09D0047CF25 /* ViewController.swift */,
				8A8290D8259AE09D0047CF25 /* Main.storyboard */,
				8A8290DB259AE09D0047CF25 /* Assets.xcassets */,
				8A8290DD259AE09D0047CF25 /* LaunchScreen.storyboard */,
				8A8290E0259AE09D0047CF25 /* Info.plist */,
			);
			path = MyAlbum;
			sourceTree = "<group>";
		};
		8A8290E8259AE09D0047CF25 /* MyAlbumTests */ = {
			isa = PBXGroup;
			children = (
				8A8290E9259AE09D0047CF25 /* MyAlbumTests.swift */,
				8A8290EB259AE09D0047CF25 /* Info.plist */,
			);
			path = MyAlbumTests;
			sourceTree = "<group>";
		};
		8A8290F3259AE09D0047CF25 /* MyAlbumUITests */ = {
			isa = PBXGroup;
			children = (
				8A8290F4259AE09D0047CF25 /* MyAlbumUITests.swift */,
				8A8290F6259AE09D0047CF25 /* Info.plist */,
			);
			path = MyAlbumUITests;
			sourceTree = "<group>";
		};
/* End PBXGroup section */

/* Begin PBXNativeTarget section */
		8A8290CE259AE09D0047CF25 /* MyAlbum */ = {
			isa = PBXNativeTarget;
			buildConfigurationList = 8A8290F9259AE09D0047CF25 /* Build configuration list for PBXNativeTarget "MyAlbum" */;
			buildPhases = (
				8A8290CB259AE09D0047CF25 /* Sources */,
				8A8290CC259AE09D0047CF25 /* Frameworks */,
				8A8290CD259AE09D0047CF25 /* Resources */,
			);
			buildRules = (
			);
			dependencies = (
			);
			name = MyAlbum;
			productName = MyAlbum;
			productReference = 8A8290CF259AE09D0047CF25 /* MyAlbum.app */;
			productType = "com.apple.product-type.application";
		};
		8A8290E4259AE09D0047CF25 /* MyAlbumTests */ = {
			isa = PBXNativeTarget;
			buildConfigurationList = 8A8290FC259AE09D0047CF25 /* Build configuration list for PBXNativeTarget "MyAlbumTests" */;
			buildPhases = (
				8A8290E1259AE09D0047CF25 /* Sources */,
				8A8290E2259AE09D0047CF25 /* Frameworks */,
				8A8290E3259AE09D0047CF25 /* Resources */,
			);
			buildRules = (
			);
			dependencies = (
				8A8290E7259AE09D0047CF25 /* PBXTargetDependency */,
			);
			name = MyAlbumTests;
			productName = MyAlbumTests;
			productReference = 8A8290E5259AE09D0047CF25 /* MyAlbumTests.xctest */;
			productType = "com.apple.product-type.bundle.unit-test";
		};
		8A8290EF259AE09D0047CF25 /* MyAlbumUITests */ = {
			isa = PBXNativeTarget;
			buildConfigurationList = 8A8290FF259AE09D0047CF25 /* Build configuration list for PBXNativeTarget "MyAlbumUITests" */;
			buildPhases = (
				8A8290EC259AE09D0047CF25 /* Sources */,
				8A8290ED259AE09D0047CF25 /* Frameworks */,
				8A8290EE259AE09D0047CF25 /* Resources */,
			);
			buildRules = (
			);
			dependencies = (
				8A8290F2259AE09D0047CF25 /* PBXTargetDependency */,
			);
			name = MyAlbumUITests;
			productName = MyAlbumUITests;
			productReference = 8A8290F0259AE09D0047CF25 /* MyAlbumUITests.xctest */;
			productType = "com.apple.product-type.bundle.ui-testing";
		};
/* End PBXNativeTarget section */

/* Begin PBXProject section */
		8A8290C7259AE09D0047CF25 /* Project object */ = {
			isa = PBXProject;
			attributes = {
				LastSwiftUpdateCheck = 1230;
				LastUpgradeCheck = 1230;
				TargetAttributes = {
					8A8290CE259AE09D0047CF25 = {
						CreatedOnToolsVersion = 12.3;
					};
					8A8290E4259AE09D0047CF25 = {
						CreatedOnToolsVersion = 12.3;
						TestTargetID = 8A8290CE259AE09D0047CF25;
					};
					8A8290EF259AE09D0047CF25 = {
						CreatedOnToolsVersion = 12.3;
						TestTargetID = 8A8290CE259AE09D0047CF25;
					};
				};
			};
			buildConfigurationList = 8A8290CA259AE09D0047CF25 /* Build configuration list for PBXProject "MyAlbum" */;
			compatibilityVersion = "Xcode 9.3";
			developmentRegion = en;
			hasScannedForEncodings = 0;
			knownRegions = (
				en,
				Base,
			);
			mainGroup = 8A8290C6259AE09D0047CF25;
			productRefGroup = 8A8290D0259AE09D0047CF25 /* Products */;
			projectDirPath = "";
			projectRoot = "";
			targets = (
				8A8290CE259AE09D0047CF25 /* MyAlbum */,
				8A8290E4259AE09D0047CF25 /* MyAlbumTests */,
				8A8290EF259AE09D0047CF25 /* MyAlbumUITests */,
			);
		};
/* End PBXProject section */

/* Begin PBXResourcesBuildPhase section */
		8A8290CD259AE09D0047CF25 /* Resources */ = {
			isa = PBXResourcesBuildPhase;
			buildActionMask = 2147483647;
			files = (
				8A8290DF259AE09D0047CF25 /* LaunchScreen.storyboard in Resources */,
				8A8290DC259AE09D0047CF25 /* Assets.xcassets in Resources */,
				8A8290DA259AE09D0047CF25 /* Main.storyboard in Resources */,
			);
			runOnlyForDeploymentPostprocessing = 0;
		};
		8A8290E3259AE09D0047CF25 /* Resources */ = {
			isa = PBXResourcesBuildPhase;
			buildActionMask = 2147483647;
			files = (
			);
			runOnlyForDeploymentPostprocessing = 0;
		};
		8A8290EE259AE09D0047CF25 /* Resources */ = {
			isa = PBXResourcesBuildPhase;
			buildActionMask = 2147483647;
			files = (
			);
			runOnlyForDeploymentPostprocessing = 0;
		};
/* End PBXResourcesBuildPhase section */

/* Begin PBXSourcesBuildPhase section */
		8A8290CB259AE09D0047CF25 /* Sources */ = {
			isa = PBXSourcesBuildPhase;
			buildActionMask = 2147483647;
			files = (
				8A8290D7259AE09D0047CF25 /* ViewController.swift in Sources */,
				8A8290D3259AE09D0047CF25 /* AppDelegate.swift in Sources */,
				8A8290D5259AE09D0047CF25 /* SceneDelegate.swift in Sources */,
			);
			runOnlyForDeploymentPostprocessing = 0;
		};
		8A8290E1259AE09D0047CF25 /* Sources */ = {
			isa = PBXSourcesBuildPhase;
			buildActionMask = 2147483647;
			files = (
				8A8290EA259AE09D0047CF25 /* MyAlbumTests.swift in Sources */,
			);
			runOnlyForDeploymentPostprocessing = 0;
		};
		8A8290EC259AE09D0047CF25 /* Sources */ = {
			isa = PBXSourcesBuildPhase;
			buildActionMask = 2147483647;
			files = (
				8A8290F5259AE09D0047CF25 /* MyAlbumUITests.swift in Sources */,
			);
			runOnlyForDeploymentPostprocessing = 0;
		};
/* End PBXSourcesBuildPhase section */

/* Begin PBXTargetDependency section */
		8A8290E7259AE09D0047CF25 /* PBXTargetDependency */ = {
			isa = PBXTargetDependency;
			target = 8A8290CE259AE09D0047CF25 /* MyAlbum */;
			targetProxy = 8A8290E6259AE09D0047CF25 /* PBXContainerItemProxy */;
		};
		8A8290F2259AE09D0047CF25 /* PBXTargetDependency */ = {
			isa = PBXTargetDependency;
			target = 8A8290CE259AE09D0047CF25 /* MyAlbum */;
			targetProxy = 8A8290F1259AE09D0047CF25 /* PBXContainerItemProxy */;
		};
/* End PBXTargetDependency section */

/* Begin PBXVariantGroup section */
		8A8290D8259AE09D0047CF25 /* Main.storyboard */ = {
			isa = PBXVariantGroup;
			children = (
				8A8290D9259AE09D0047CF25 /* Base */,
			);
			name = Main.storyboard;
			sourceTree = "<group>";
		};
		8A8290DD259AE09D0047CF25 /* LaunchScreen.storyboard */ = {
			isa = PBXVariantGroup;
			children = (
				8A8290DE259AE09D0047CF25 /* Base */,
			);
			name = LaunchScreen.storyboard;
			sourceTree = "<group>";
		};
/* End PBXVariantGroup section */

/* Begin XCBuildConfiguration section */
		8A8290F7259AE09D0047CF25 /* Debug */ = {
			isa = XCBuildConfiguration;
			buildSettings = {
				ALWAYS_SEARCH_USER_PATHS = NO;
				CLANG_ANALYZER_NONNULL = YES;
				CLANG_ANALYZER_NUMBER_OBJECT_CONVERSION = YES_AGGRESSIVE;
				CLANG_CXX_LANGUAGE_STANDARD = "gnu++14";
				CLANG_CXX_LIBRARY = "libc++";
				CLANG_ENABLE_MODULES = YES;
				CLANG_ENABLE_OBJC_ARC = YES;
				CLANG_ENABLE_OBJC_WEAK = YES;
				CLANG_WARN_BLOCK_CAPTURE_AUTORELEASING = YES;
				CLANG_WARN_BOOL_CONVERSION = YES;
				CLANG_WARN_COMMA = YES;
				CLANG_WARN_CONSTANT_CONVERSION = YES;
				CLANG_WARN_DEPRECATED_OBJC_IMPLEMENTATIONS = YES;
				CLANG_WARN_DIRECT_OBJC_ISA_USAGE = YES_ERROR;
				CLANG_WARN_DOCUMENTATION_COMMENTS = YES;
				CLANG_WARN_EMPTY_BODY = YES;
				CLANG_WARN_ENUM_CONVERSION = YES;
				CLANG_WARN_INFINITE_RECURSION = YES;
				CLANG_WARN_INT_CONVERSION = YES;
				CLANG_WARN_NON_LITERAL_NULL_CONVERSION = YES;
				CLANG_WARN_OBJC_IMPLICIT_RETAIN_SELF = YES;
				CLANG_WARN_OBJC_LITERAL_CONVERSION = YES;
				CLANG_WARN_OBJC_ROOT_CLASS = YES_ERROR;
				CLANG_WARN_QUOTED_INCLUDE_IN_FRAMEWORK_HEADER = YES;
				CLANG_WARN_RANGE_LOOP_ANALYSIS = YES;
				CLANG_WARN_STRICT_PROTOTYPES = YES;
				CLANG_WARN_SUSPICIOUS_MOVE = YES;
				CLANG_WARN_UNGUARDED_AVAILABILITY = YES_AGGRESSIVE;
				CLANG_WARN_UNREACHABLE_CODE = YES;
				CLANG_WARN__DUPLICATE_METHOD_MATCH = YES;
				COPY_PHASE_STRIP = NO;
				DEBUG_INFORMATION_FORMAT = dwarf;
				ENABLE_STRICT_OBJC_MSGSEND = YES;
				ENABLE_TESTABILITY = YES;
				GCC_C_LANGUAGE_STANDARD = gnu11;
				GCC_DYNAMIC_NO_PIC = NO;
				GCC_NO_COMMON_BLOCKS = YES;
				GCC_OPTIMIZATION_LEVEL = 0;
				GCC_PREPROCESSOR_DEFINITIONS = (
					"DEBUG=1",
					"$(inherited)",
				);
				GCC_WARN_64_TO_32_BIT_CONVERSION = YES;
				GCC_WARN_ABOUT_RETURN_TYPE = YES_ERROR;
				GCC_WARN_UNDECLARED_SELECTOR = YES;
				GCC_WARN_UNINITIALIZED_AUTOS = YES_AGGRESSIVE;
				GCC_WARN_UNUSED_FUNCTION = YES;
				GCC_WARN_UNUSED_VARIABLE = YES;
				IPHONEOS_DEPLOYMENT_TARGET = 14.3;
				MTL_ENABLE_DEBUG_INFO = INCLUDE_SOURCE;
				MTL_FAST_MATH = YES;
				ONLY_ACTIVE_ARCH = YES;
				SDKROOT = iphoneos;
				SWIFT_ACTIVE_COMPILATION_CONDITIONS = DEBUG;
				SWIFT_OPTIMIZATION_LEVEL = "-Onone";
			};
			name = Debug;
		};
		8A8290F8259AE09D0047CF25 /* Release */ = {
			isa = XCBuildConfiguration;
			buildSettings = {
				ALWAYS_SEARCH_USER_PATHS = NO;
				CLANG_ANALYZER_NONNULL = YES;
				CLANG_ANALYZER_NUMBER_OBJECT_CONVERSION = YES_AGGRESSIVE;
				CLANG_CXX_LANGUAGE_STANDARD = "gnu++14";
				CLANG_CXX_LIBRARY = "libc++";
				CLANG_ENABLE_MODULES = YES;
				CLANG_ENABLE_OBJC_ARC = YES;
				CLANG_ENABLE_OBJC_WEAK = YES;
				CLANG_WARN_BLOCK_CAPTURE_AUTORELEASING = YES;
				CLANG_WARN_BOOL_CONVERSION = YES;
				CLANG_WARN_COMMA = YES;
				CLANG_WARN_CONSTANT_CONVERSION = YES;
				CLANG_WARN_DEPRECATED_OBJC_IMPLEMENTATIONS = YES;
				CLANG_WARN_DIRECT_OBJC_ISA_USAGE = YES_ERROR;
				CLANG_WARN_DOCUMENTATION_COMMENTS = YES;
				CLANG_WARN_EMPTY_BODY = YES;
				CLANG_WARN_ENUM_CONVERSION = YES;
				CLANG_WARN_INFINITE_RECURSION = YES;
				CLANG_WARN_INT_CONVERSION = YES;
				CLANG_WARN_NON_LITERAL_NULL_CONVERSION = YES;
				CLANG_WARN_OBJC_IMPLICIT_RETAIN_SELF = YES;
				CLANG_WARN_OBJC_LITERAL_CONVERSION = YES;
				CLANG_WARN_OBJC_ROOT_CLASS = YES_ERROR;
				CLANG_WARN_QUOTED_INCLUDE_IN_FRAMEWORK_HEADER = YES;
				CLANG_WARN_RANGE_LOOP_ANALYSIS = YES;
				CLANG_WARN_STRICT_PROTOTYPES = YES;
				CLANG_WARN_SUSPICIOUS_MOVE = YES;
				CLANG_WARN_UNGUARDED_AVAILABILITY = YES_AGGRESSIVE;
				CLANG_WARN_UNREACHABLE_CODE = YES;
				CLANG_WARN__DUPLICATE_METHOD_MATCH = YES;
				COPY_PHASE_STRIP = NO;
				DEBUG_INFORMATION_FORMAT = "dwarf-with-dsym";
				ENABLE_NS_ASSERTIONS = NO;
				ENABLE_STRICT_OBJC_MSGSEND = YES;
				GCC_C_LANGUAGE_STANDARD = gnu11;
				GCC_NO_COMMON_BLOCKS = YES;
				GCC_WARN_64_TO_32_BIT_CONVERSION = YES;
				GCC_WARN_ABOUT_RETURN_TYPE = YES_ERROR;
				GCC_WARN_UNDECLARED_SELECTOR = YES;
				GCC_WARN_UNINITIALIZED_AUTOS = YES_AGGRESSIVE;
				GCC_WARN_UNUSED_FUNCTION = YES;
				GCC_WARN_UNUSED_VARIABLE = YES;
				IPHONEOS_DEPLOYMENT_TARGET = 14.3;
				MTL_ENABLE_DEBUG_INFO = NO;
				MTL_FAST_MATH = YES;
				SDKROOT = iphoneos;
				SWIFT_COMPILATION_MODE = wholemodule;
				SWIFT_OPTIMIZATION_LEVEL = "-O";
				VALIDATE_PRODUCT = YES;
			};
			name = Release;
		};
		8A8290FA259AE09D0047CF25 /* Debug */ = {
			isa = XCBuildConfiguration;
			buildSettings = {
				ASSETCATALOG_COMPILER_APPICON_NAME = AppIcon;
				ASSETCATALOG_COMPILER_GLOBAL_ACCENT_COLOR_NAME = AccentColor;
				CODE_SIGN_STYLE = Automatic;
				DEVELOPMENT_TEAM = WX8CNHALLY;
				INFOPLIST_FILE = MyAlbum/Info.plist;
				LD_RUNPATH_SEARCH_PATHS = (
					"$(inherited)",
					"@executable_path/Frameworks",
				);
				PRODUCT_BUNDLE_IDENTIFIER = com.cjmin.MyAlbum;
				PRODUCT_NAME = "$(TARGET_NAME)";
				SWIFT_VERSION = 5.0;
				TARGETED_DEVICE_FAMILY = "1,2";
			};
			name = Debug;
		};
		8A8290FB259AE09D0047CF25 /* Release */ = {
			isa = XCBuildConfiguration;
			buildSettings = {
				ASSETCATALOG_COMPILER_APPICON_NAME = AppIcon;
				ASSETCATALOG_COMPILER_GLOBAL_ACCENT_COLOR_NAME = AccentColor;
				CODE_SIGN_STYLE = Automatic;
				DEVELOPMENT_TEAM = WX8CNHALLY;
				INFOPLIST_FILE = MyAlbum/Info.plist;
				LD_RUNPATH_SEARCH_PATHS = (
					"$(inherited)",
					"@executable_path/Frameworks",
				);
				PRODUCT_BUNDLE_IDENTIFIER = com.cjmin.MyAlbum;
				PRODUCT_NAME = "$(TARGET_NAME)";
				SWIFT_VERSION = 5.0;
				TARGETED_DEVICE_FAMILY = "1,2";
			};
			name = Release;
		};
		8A8290FD259AE09D0047CF25 /* Debug */ = {
			isa = XCBuildConfiguration;
			buildSettings = {
				ALWAYS_EMBED_SWIFT_STANDARD_LIBRARIES = YES;
				BUNDLE_LOADER = "$(TEST_HOST)";
				CODE_SIGN_STYLE = Automatic;
				DEVELOPMENT_TEAM = WX8CNHALLY;
				INFOPLIST_FILE = MyAlbumTests/Info.plist;
				IPHONEOS_DEPLOYMENT_TARGET = 14.3;
				LD_RUNPATH_SEARCH_PATHS = (
					"$(inherited)",
					"@executable_path/Frameworks",
					"@loader_path/Frameworks",
				);
				PRODUCT_BUNDLE_IDENTIFIER = com.cjmin.MyAlbumTests;
				PRODUCT_NAME = "$(TARGET_NAME)";
				SWIFT_VERSION = 5.0;
				TARGETED_DEVICE_FAMILY = "1,2";
				TEST_HOST = "$(BUILT_PRODUCTS_DIR)/MyAlbum.app/MyAlbum";
			};
			name = Debug;
		};
		8A8290FE259AE09D0047CF25 /* Release */ = {
			isa = XCBuildConfiguration;
			buildSettings = {
				ALWAYS_EMBED_SWIFT_STANDARD_LIBRARIES = YES;
				BUNDLE_LOADER = "$(TEST_HOST)";
				CODE_SIGN_STYLE = Automatic;
				DEVELOPMENT_TEAM = WX8CNHALLY;
				INFOPLIST_FILE = MyAlbumTests/Info.plist;
				IPHONEOS_DEPLOYMENT_TARGET = 14.3;
				LD_RUNPATH_SEARCH_PATHS = (
					"$(inherited)",
					"@executable_path/Frameworks",
					"@loader_path/Frameworks",
				);
				PRODUCT_BUNDLE_IDENTIFIER = com.cjmin.MyAlbumTests;
				PRODUCT_NAME = "$(TARGET_NAME)";
				SWIFT_VERSION = 5.0;
				TARGETED_DEVICE_FAMILY = "1,2";
				TEST_HOST = "$(BUILT_PRODUCTS_DIR)/MyAlbum.app/MyAlbum";
			};
			name = Release;
		};
		8A829100259AE09D0047CF25 /* Debug */ = {
			isa = XCBuildConfiguration;
			buildSettings = {
				ALWAYS_EMBED_SWIFT_STANDARD_LIBRARIES = YES;
				CODE_SIGN_STYLE = Automatic;
				DEVELOPMENT_TEAM = WX8CNHALLY;
				INFOPLIST_FILE = MyAlbumUITests/Info.plist;
				LD_RUNPATH_SEARCH_PATHS = (
					"$(inherited)",
					"@executable_path/Frameworks",
					"@loader_path/Frameworks",
				);
				PRODUCT_BUNDLE_IDENTIFIER = com.cjmin.MyAlbumUITests;
				PRODUCT_NAME = "$(TARGET_NAME)";
				SWIFT_VERSION = 5.0;
				TARGETED_DEVICE_FAMILY = "1,2";
				TEST_TARGET_NAME = MyAlbum;
			};
			name = Debug;
		};
		8A829101259AE09D0047CF25 /* Release */ = {
			isa = XCBuildConfiguration;
			buildSettings = {
				ALWAYS_EMBED_SWIFT_STANDARD_LIBRARIES = YES;
				CODE_SIGN_STYLE = Automatic;
				DEVELOPMENT_TEAM = WX8CNHALLY;
				INFOPLIST_FILE = MyAlbumUITests/Info.plist;
				LD_RUNPATH_SEARCH_PATHS = (
					"$(inherited)",
					"@executable_path/Frameworks",
					"@loader_path/Frameworks",
				);
				PRODUCT_BUNDLE_IDENTIFIER = com.cjmin.MyAlbumUITests;
				PRODUCT_NAME = "$(TARGET_NAME)";
				SWIFT_VERSION = 5.0;
				TARGETED_DEVICE_FAMILY = "1,2";
				TEST_TARGET_NAME = MyAlbum;
			};
			name = Release;
		};
/* End XCBuildConfiguration section */

/* Begin XCConfigurationList section */
		8A8290CA259AE09D0047CF25 /* Build configuration list for PBXProject "MyAlbum" */ = {
			isa = XCConfigurationList;
			buildConfigurations = (
				8A8290F7259AE09D0047CF25 /* Debug */,
				8A8290F8259AE09D0047CF25 /* Release */,
			);
			defaultConfigurationIsVisible = 0;
			defaultConfigurationName = Release;
		};
		8A8290F9259AE09D0047CF25 /* Build configuration list for PBXNativeTarget "MyAlbum" */ = {
			isa = XCConfigurationList;
			buildConfigurations = (
				8A8290FA259AE09D0047CF25 /* Debug */,
				8A8290FB259AE09D0047CF25 /* Release */,
			);
			defaultConfigurationIsVisible = 0;
			defaultConfigurationName = Release;
		};
		8A8290FC259AE09D0047CF25 /* Build configuration list for PBXNativeTarget "MyAlbumTests" */ = {
			isa = XCConfigurationList;
			buildConfigurations = (
				8A8290FD259AE09D0047CF25 /* Debug */,
				8A8290FE259AE09D0047CF25 /* Release */,
			);
			defaultConfigurationIsVisible = 0;
			defaultConfigurationName = Release;
		};
		8A8290FF259AE09D0047CF25 /* Build configuration list for PBXNativeTarget "MyAlbumUITests" */ = {
			isa = XCConfigurationList;
			buildConfigurations = (
				8A829100259AE09D0047CF25 /* Debug */,
				8A829101259AE09D0047CF25 /* Release */,
			);
			defaultConfigurationIsVisible = 0;
			defaultConfigurationName = Release;
		};
/* End XCConfigurationList section */
	};
	rootObject = 8A8290C7259AE09D0047CF25 /* Project object */;
}
